// !$*UTF8*$!
{
	archiveVersion = 1;
	classes = {
	};
	objectVersion = 50;
	objects = {

/* Begin PBXBuildFile section */
		605FFDD6229CC6B500226308 /* AppDelegate.m in Sources */ = {isa = PBXBuildFile; fileRef = 605FFDD5229CC6B500226308 /* AppDelegate.m */; };
		605FFDD9229CC6B500226308 /* ViewController.m in Sources */ = {isa = PBXBuildFile; fileRef = 605FFDD8229CC6B500226308 /* ViewController.m */; };
		605FFDDC229CC6B500226308 /* Main.storyboard in Resources */ = {isa = PBXBuildFile; fileRef = 605FFDDA229CC6B500226308 /* Main.storyboard */; };
		605FFDDE229CC6B600226308 /* Assets.xcassets in Resources */ = {isa = PBXBuildFile; fileRef = 605FFDDD229CC6B600226308 /* Assets.xcassets */; };
		605FFDE1229CC6B600226308 /* LaunchScreen.storyboard in Resources */ = {isa = PBXBuildFile; fileRef = 605FFDDF229CC6B600226308 /* LaunchScreen.storyboard */; };
		605FFDE4229CC6B600226308 /* main.m in Sources */ = {isa = PBXBuildFile; fileRef = 605FFDE3229CC6B600226308 /* main.m */; };
		605FFDEC229CD0A600226308 /* AboutViewController.m in Sources */ = {isa = PBXBuildFile; fileRef = 605FFDEB229CD0A600226308 /* AboutViewController.m */; };
/* End PBXBuildFile section */

/* Begin PBXFileReference section */
		605FFDD1229CC6B500226308 /* StaticCellStructure.app */ = {isa = PBXFileReference; explicitFileType = wrapper.application; includeInIndex = 0; path = StaticCellStructure.app; sourceTree = BUILT_PRODUCTS_DIR; };
		605FFDD4229CC6B500226308 /* AppDelegate.h */ = {isa = PBXFileReference; lastKnownFileType = sourcecode.c.h; path = AppDelegate.h; sourceTree = "<group>"; };
		605FFDD5229CC6B500226308 /* AppDelegate.m */ = {isa = PBXFileReference; lastKnownFileType = sourcecode.c.objc; path = AppDelegate.m; sourceTree = "<group>"; };
		605FFDD7229CC6B500226308 /* ViewController.h */ = {isa = PBXFileReference; lastKnownFileType = sourcecode.c.h; path = ViewController.h; sourceTree = "<group>"; };
		605FFDD8229CC6B500226308 /* ViewController.m */ = {isa = PBXFileReference; lastKnownFileType = sourcecode.c.objc; path = ViewController.m; sourceTree = "<group>"; };
		605FFDDB229CC6B500226308 /* Base */ = {isa = PBXFileReference; lastKnownFileType = file.storyboard; name = Base; path = Base.lproj/Main.storyboard; sourceTree = "<group>"; };
		605FFDDD229CC6B600226308 /* Assets.xcassets */ = {isa = PBXFileReference; lastKnownFileType = folder.assetcatalog; path = Assets.xcassets; sourceTree = "<group>"; };
		605FFDE0229CC6B600226308 /* Base */ = {isa = PBXFileReference; lastKnownFileType = file.storyboard; name = Base; path = Base.lproj/LaunchScreen.storyboard; sourceTree = "<group>"; };
		605FFDE2229CC6B600226308 /* Info.plist */ = {isa = PBXFileReference; lastKnownFileType = text.plist.xml; path = Info.plist; sourceTree = "<group>"; };
		605FFDE3229CC6B600226308 /* main.m */ = {isa = PBXFileReference; lastKnownFileType = sourcecode.c.objc; path = main.m; sourceTree = "<group>"; };
		605FFDEA229CD0A600226308 /* AboutViewController.h */ = {isa = PBXFileReference; lastKnownFileType = sourcecode.c.h; path = AboutViewController.h; sourceTree = "<group>"; };
		605FFDEB229CD0A600226308 /* AboutViewController.m */ = {isa = PBXFileReference; lastKnownFileType = sourcecode.c.objc; path = AboutViewController.m; sourceTree = "<group>"; };
/* End PBXFileReference section */

/* Begin PBXFrameworksBuildPhase section */
		605FFDCE229CC6B500226308 /* Frameworks */ = {
			isa = PBXFrameworksBuildPhase;
			buildActionMask = 2147483647;
			files = (
			);
			runOnlyForDeploymentPostprocessing = 0;
		};
/* End PBXFrameworksBuildPhase section */

/* Begin PBXGroup section */
		605FFDC8229CC6B400226308 = {
			isa = PBXGroup;
			children = (
				605FFDD3229CC6B500226308 /* StaticCellStructure */,
				605FFDD2229CC6B500226308 /* Products */,
			);
			sourceTree = "<group>";
		};
		605FFDD2229CC6B500226308 /* Products */ = {
			isa = PBXGroup;
			children = (
				605FFDD1229CC6B500226308 /* StaticCellStructure.app */,
			);
			name = Products;
			sourceTree = "<group>";
		};
		605FFDD3229CC6B500226308 /* StaticCellStructure */ = {
			isa = PBXGroup;
			children = (
				605FFDD4229CC6B500226308 /* AppDelegate.h */,
				605FFDD5229CC6B500226308 /* AppDelegate.m */,
				605FFDD7229CC6B500226308 /* ViewController.h */,
				605FFDD8229CC6B500226308 /* ViewController.m */,
				605FFDDA229CC6B500226308 /* Main.storyboard */,
				605FFDDD229CC6B600226308 /* Assets.xcassets */,
				605FFDDF229CC6B600226308 /* LaunchScreen.storyboard */,
				605FFDE2229CC6B600226308 /* Info.plist */,
				605FFDE3229CC6B600226308 /* main.m */,
				605FFDEA229CD0A600226308 /* AboutViewController.h */,
				605FFDEB229CD0A600226308 /* AboutViewController.m */,
			);
			path = StaticCellStructure;
			sourceTree = "<group>";
		};
/* End PBXGroup section */

/* Begin PBXNativeTarget section */
		605FFDD0229CC6B500226308 /* StaticCellStructure */ = {
			isa = PBXNativeTarget;
			buildConfigurationList = 605FFDE7229CC6B600226308 /* Build configuration list for PBXNativeTarget "StaticCellStructure" */;
			buildPhases = (
				605FFDCD229CC6B500226308 /* Sources */,
				605FFDCE229CC6B500226308 /* Frameworks */,
				605FFDCF229CC6B500226308 /* Resources */,
			);
			buildRules = (
			);
			dependencies = (
			);
			name = StaticCellStructure;
			productName = StaticCellStructure;
			productReference = 605FFDD1229CC6B500226308 /* StaticCellStructure.app */;
			productType = "com.apple.product-type.application";
		};
/* End PBXNativeTarget section */

/* Begin PBXProject section */
		605FFDC9229CC6B400226308 /* Project object */ = {
			isa = PBXProject;
			attributes = {
				LastUpgradeCheck = 1020;
				ORGANIZATIONNAME = QinTuanye;
				TargetAttributes = {
					605FFDD0229CC6B500226308 = {
						CreatedOnToolsVersion = 10.2.1;
					};
				};
			};
			buildConfigurationList = 605FFDCC229CC6B400226308 /* Build configuration list for PBXProject "StaticCellStructure" */;
			compatibilityVersion = "Xcode 9.3";
			developmentRegion = en;
			hasScannedForEncodings = 0;
			knownRegions = (
				en,
				Base,
			);
			mainGroup = 605FFDC8229CC6B400226308;
			productRefGroup = 605FFDD2229CC6B500226308 /* Products */;
			projectDirPath = "";
			projectRoot = "";
			targets = (
				605FFDD0229CC6B500226308 /* StaticCellStructure */,
			);
		};
/* End PBXProject section */

/* Begin PBXResourcesBuildPhase section */
		605FFDCF229CC6B500226308 /* Resources */ = {
			isa = PBXResourcesBuildPhase;
			buildActionMask = 2147483647;
			files = (
				605FFDE1229CC6B600226308 /* LaunchScreen.storyboard in Resources */,
				605FFDDE229CC6B600226308 /* Assets.xcassets in Resources */,
				605FFDDC229CC6B500226308 /* Main.storyboard in Resources */,
			);
			runOnlyForDeploymentPostprocessing = 0;
		};
/* End PBXResourcesBuildPhase section */

/* Begin PBXSourcesBuildPhase section */
		605FFDCD229CC6B500226308 /* Sources */ = {
			isa = PBXSourcesBuildPhase;
			buildActionMask = 2147483647;
			files = (
				605FFDD9229CC6B500226308 /* ViewController.m in Sources */,
				605FFDE4229CC6B600226308 /* main.m in Sources */,
				605FFDEC229CD0A600226308 /* AboutViewController.m in Sources */,
				605FFDD6229CC6B500226308 /* AppDelegate.m in Sources */,
			);
			runOnlyForDeploymentPostprocessing = 0;
		};
/* End PBXSourcesBuildPhase section */

/* Begin PBXVariantGroup section */
		605FFDDA229CC6B500226308 /* Main.storyboard */ = {
			isa = PBXVariantGroup;
			children = (
				605FFDDB229CC6B500226308 /* Base */,
			);
			name = Main.storyboard;
			sourceTree = "<group>";
		};
		605FFDDF229CC6B600226308 /* LaunchScreen.storyboard */ = {
			isa = PBXVariantGroup;
			children = (
				605FFDE0229CC6B600226308 /* Base */,
			);
			name = LaunchScreen.storyboard;
			sourceTree = "<group>";
		};
/* End PBXVariantGroup section */

/* Begin XCBuildConfiguration section */
		605FFDE5229CC6B600226308 /* Debug */ = {
			isa = XCBuildConfiguration;
			buildSettings = {
				ALWAYS_SEARCH_USER_PATHS = NO;
				CLANG_ANALYZER_NONNULL = YES;
				CLANG_ANALYZER_NUMBER_OBJECT_CONVERSION = YES_AGGRESSIVE;
				CLANG_CXX_LANGUAGE_STANDARD = "gnu++14";
				CLANG_CXX_LIBRARY = "libc++";
				CLANG_ENABLE_MODULES = YES;
				CLANG_ENABLE_OBJC_ARC = YES;
				CLANG_ENABLE_OBJC_WEAK = YES;
				CLANG_WARN_BLOCK_CAPTURE_AUTORELEASING = YES;
				CLANG_WARN_BOOL_CONVERSION = YES;
				CLANG_WARN_COMMA = YES;
				CLANG_WARN_CONSTANT_CONVERSION = YES;
				CLANG_WARN_DEPRECATED_OBJC_IMPLEMENTATIONS = YES;
				CLANG_WARN_DIRECT_OBJC_ISA_USAGE = YES_ERROR;
				CLANG_WARN_DOCUMENTATION_COMMENTS = YES;
				CLANG_WARN_EMPTY_BODY = YES;
				CLANG_WARN_ENUM_CONVERSION = YES;
				CLANG_WARN_INFINITE_RECURSION = YES;
				CLANG_WARN_INT_CONVERSION = YES;
				CLANG_WARN_NON_LITERAL_NULL_CONVERSION = YES;
				CLANG_WARN_OBJC_IMPLICIT_RETAIN_SELF = YES;
				CLANG_WARN_OBJC_LITERAL_CONVERSION = YES;
				CLANG_WARN_OBJC_ROOT_CLASS = YES_ERROR;
				CLANG_WARN_RANGE_LOOP_ANALYSIS = YES;
				CLANG_WARN_STRICT_PROTOTYPES = YES;
				CLANG_WARN_SUSPICIOUS_MOVE = YES;
				CLANG_WARN_UNGUARDED_AVAILABILITY = YES_AGGRESSIVE;
				CLANG_WARN_UNREACHABLE_CODE = YES;
				CLANG_WARN__DUPLICATE_METHOD_MATCH = YES;
				CODE_SIGN_IDENTITY = "iPhone Developer";
				COPY_PHASE_STRIP = NO;
				DEBUG_INFORMATION_FORMAT = dwarf;
				ENABLE_STRICT_OBJC_MSGSEND = YES;
				ENABLE_TESTABILITY = YES;
				GCC_C_LANGUAGE_STANDARD = gnu11;
				GCC_DYNAMIC_NO_PIC = NO;
				GCC_NO_COMMON_BLOCKS = YES;
				GCC_OPTIMIZATION_LEVEL = 0;
				GCC_PREPROCESSOR_DEFINITIONS = (
					"DEBUG=1",
					"$(inherited)",
				);
				GCC_WARN_64_TO_32_BIT_CONVERSION = YES;
				GCC_WARN_ABOUT_RETURN_TYPE = YES_ERROR;
				GCC_WARN_UNDECLARED_SELECTOR = YES;
				GCC_WARN_UNINITIALIZED_AUTOS = YES_AGGRESSIVE;
				GCC_WARN_UNUSED_FUNCTION = YES;
				GCC_WARN_UNUSED_VARIABLE = YES;
				IPHONEOS_DEPLOYMENT_TARGET = 12.2;
				MTL_ENABLE_DEBUG_INFO = INCLUDE_SOURCE;
				MTL_FAST_MATH = YES;
				ONLY_ACTIVE_ARCH = YES;
				SDKROOT = iphoneos;
			};
			name = Debug;
		};
		605FFDE6229CC6B600226308 /* Release */ = {
			isa = XCBuildConfiguration;
			buildSettings = {
				ALWAYS_SEARCH_USER_PATHS = NO;
				CLANG_ANALYZER_NONNULL = YES;
				CLANG_ANALYZER_NUMBER_OBJECT_CONVERSION = YES_AGGRESSIVE;
				CLANG_CXX_LANGUAGE_STANDARD = "gnu++14";
				CLANG_CXX_LIBRARY = "libc++";
				CLANG_ENABLE_MODULES = YES;
				CLANG_ENABLE_OBJC_ARC = YES;
				CLANG_ENABLE_OBJC_WEAK = YES;
				CLANG_WARN_BLOCK_CAPTURE_AUTORELEASING = YES;
				CLANG_WARN_BOOL_CONVERSION = YES;
				CLANG_WARN_COMMA = YES;
				CLANG_WARN_CONSTANT_CONVERSION = YES;
				CLANG_WARN_DEPRECATED_OBJC_IMPLEMENTATIONS = YES;
				CLANG_WARN_DIRECT_OBJC_ISA_USAGE = YES_ERROR;
				CLANG_WARN_DOCUMENTATION_COMMENTS = YES;
				CLANG_WARN_EMPTY_BODY = YES;
				CLANG_WARN_ENUM_CONVERSION = YES;
				CLANG_WARN_INFINITE_RECURSION = YES;
				CLANG_WARN_INT_CONVERSION = YES;
				CLANG_WARN_NON_LITERAL_NULL_CONVERSION = YES;
				CLANG_WARN_OBJC_IMPLICIT_RETAIN_SELF = YES;
				CLANG_WARN_OBJC_LITERAL_CONVERSION = YES;
				CLANG_WARN_OBJC_ROOT_CLASS = YES_ERROR;
				CLANG_WARN_RANGE_LOOP_ANALYSIS = YES;
				CLANG_WARN_STRICT_PROTOTYPES = YES;
				CLANG_WARN_SUSPICIOUS_MOVE = YES;
				CLANG_WARN_UNGUARDED_AVAILABILITY = YES_AGGRESSIVE;
				CLANG_WARN_UNREACHABLE_CODE = YES;
				CLANG_WARN__DUPLICATE_METHOD_MATCH = YES;
				CODE_SIGN_IDENTITY = "iPhone Developer";
				COPY_PHASE_STRIP = NO;
				DEBUG_INFORMATION_FORMAT = "dwarf-with-dsym";
				ENABLE_NS_ASSERTIONS = NO;
				ENABLE_STRICT_OBJC_MSGSEND = YES;
				GCC_C_LANGUAGE_STANDARD = gnu11;
				GCC_NO_COMMON_BLOCKS = YES;
				GCC_WARN_64_TO_32_BIT_CONVERSION = YES;
				GCC_WARN_ABOUT_RETURN_TYPE = YES_ERROR;
				GCC_WARN_UNDECLARED_SELECTOR = YES;
				GCC_WARN_UNINITIALIZED_AUTOS = YES_AGGRESSIVE;
				GCC_WARN_UNUSED_FUNCTION = YES;
				GCC_WARN_UNUSED_VARIABLE = YES;
				IPHONEOS_DEPLOYMENT_TARGET = 12.2;
				MTL_ENABLE_DEBUG_INFO = NO;
				MTL_FAST_MATH = YES;
				SDKROOT = iphoneos;
				VALIDATE_PRODUCT = YES;
			};
			name = Release;
		};
		605FFDE8229CC6B600226308 /* Debug */ = {
			isa = XCBuildConfiguration;
			buildSettings = {
				ASSETCATALOG_COMPILER_APPICON_NAME = AppIcon;
				ASSETCATALOG_COMPILER_LAUNCHIMAGE_NAME = LaunchImage;
				CODE_SIGN_STYLE = Automatic;
				DEVELOPMENT_TEAM = "";
				INFOPLIST_FILE = StaticCellStructure/Info.plist;
				LD_RUNPATH_SEARCH_PATHS = (
					"$(inherited)",
					"@executable_path/Frameworks",
				);
				PRODUCT_BUNDLE_IDENTIFIER = com.qty.StaticCellStructure;
				PRODUCT_NAME = "$(TARGET_NAME)";
				TARGETED_DEVICE_FAMILY = "1,2";
			};
			name = Debug;
		};
		605FFDE9229CC6B600226308 /* Release */ = {
			isa = XCBuildConfiguration;
			buildSettings = {
				ASSETCATALOG_COMPILER_APPICON_NAME = AppIcon;
				ASSETCATALOG_COMPILER_LAUNCHIMAGE_NAME = LaunchImage;
				CODE_SIGN_STYLE = Automatic;
				DEVELOPMENT_TEAM = "";
				INFOPLIST_FILE = StaticCellStructure/Info.plist;
				LD_RUNPATH_SEARCH_PATHS = (
					"$(inherited)",
					"@executable_path/Frameworks",
				);
				PRODUCT_BUNDLE_IDENTIFIER = com.qty.StaticCellStructure;
				PRODUCT_NAME = "$(TARGET_NAME)";
				TARGETED_DEVICE_FAMILY = "1,2";
			};
			name = Release;
		};
/* End XCBuildConfiguration section */

/* Begin XCConfigurationList section */
		605FFDCC229CC6B400226308 /* Build configuration list for PBXProject "StaticCellStructure" */ = {
			isa = XCConfigurationList;
			buildConfigurations = (
				605FFDE5229CC6B600226308 /* Debug */,
				605FFDE6229CC6B600226308 /* Release */,
			);
			defaultConfigurationIsVisible = 0;
			defaultConfigurationName = Release;
		};
		605FFDE7229CC6B600226308 /* Build configuration list for PBXNativeTarget "StaticCellStructure" */ = {
			isa = XCConfigurationList;
			buildConfigurations = (
				605FFDE8229CC6B600226308 /* Debug */,
				605FFDE9229CC6B600226308 /* Release */,
			);
			defaultConfigurationIsVisible = 0;
			defaultConfigurationName = Release;
		};
/* End XCConfigurationList section */
	};
	rootObject = 605FFDC9229CC6B400226308 /* Project object */;
}
