// !$*UTF8*$!
{
	archiveVersion = 1;
	classes = {
	};
	objectVersion = 50;
	objects = {

/* Begin PBXBuildFile section */
		609A6731229D0E4900C8085F /* AppDelegate.m in Sources */ = {isa = PBXBuildFile; fileRef = 609A6730229D0E4900C8085F /* AppDelegate.m */; };
		609A6734229D0E4900C8085F /* ViewController.m in Sources */ = {isa = PBXBuildFile; fileRef = 609A6733229D0E4900C8085F /* ViewController.m */; };
		609A6737229D0E4900C8085F /* Main.storyboard in Resources */ = {isa = PBXBuildFile; fileRef = 609A6735229D0E4900C8085F /* Main.storyboard */; };
		609A6739229D0E4900C8085F /* Assets.xcassets in Resources */ = {isa = PBXBuildFile; fileRef = 609A6738229D0E4900C8085F /* Assets.xcassets */; };
		609A673C229D0E4900C8085F /* LaunchScreen.storyboard in Resources */ = {isa = PBXBuildFile; fileRef = 609A673A229D0E4900C8085F /* LaunchScreen.storyboard */; };
		609A673F229D0E4900C8085F /* main.m in Sources */ = {isa = PBXBuildFile; fileRef = 609A673E229D0E4900C8085F /* main.m */; };
		609A6747229D0E8E00C8085F /* TestViewController.m in Sources */ = {isa = PBXBuildFile; fileRef = 609A6746229D0E8E00C8085F /* TestViewController.m */; };
/* End PBXBuildFile section */

/* Begin PBXFileReference section */
		609A672C229D0E4900C8085F /* TestPass.app */ = {isa = PBXFileReference; explicitFileType = wrapper.application; includeInIndex = 0; path = TestPass.app; sourceTree = BUILT_PRODUCTS_DIR; };
		609A672F229D0E4900C8085F /* AppDelegate.h */ = {isa = PBXFileReference; lastKnownFileType = sourcecode.c.h; path = AppDelegate.h; sourceTree = "<group>"; };
		609A6730229D0E4900C8085F /* AppDelegate.m */ = {isa = PBXFileReference; lastKnownFileType = sourcecode.c.objc; path = AppDelegate.m; sourceTree = "<group>"; };
		609A6732229D0E4900C8085F /* ViewController.h */ = {isa = PBXFileReference; lastKnownFileType = sourcecode.c.h; path = ViewController.h; sourceTree = "<group>"; };
		609A6733229D0E4900C8085F /* ViewController.m */ = {isa = PBXFileReference; lastKnownFileType = sourcecode.c.objc; path = ViewController.m; sourceTree = "<group>"; };
		609A6736229D0E4900C8085F /* Base */ = {isa = PBXFileReference; lastKnownFileType = file.storyboard; name = Base; path = Base.lproj/Main.storyboard; sourceTree = "<group>"; };
		609A6738229D0E4900C8085F /* Assets.xcassets */ = {isa = PBXFileReference; lastKnownFileType = folder.assetcatalog; path = Assets.xcassets; sourceTree = "<group>"; };
		609A673B229D0E4900C8085F /* Base */ = {isa = PBXFileReference; lastKnownFileType = file.storyboard; name = Base; path = Base.lproj/LaunchScreen.storyboard; sourceTree = "<group>"; };
		609A673D229D0E4900C8085F /* Info.plist */ = {isa = PBXFileReference; lastKnownFileType = text.plist.xml; path = Info.plist; sourceTree = "<group>"; };
		609A673E229D0E4900C8085F /* main.m */ = {isa = PBXFileReference; lastKnownFileType = sourcecode.c.objc; path = main.m; sourceTree = "<group>"; };
		609A6745229D0E8E00C8085F /* TestViewController.h */ = {isa = PBXFileReference; lastKnownFileType = sourcecode.c.h; path = TestViewController.h; sourceTree = "<group>"; };
		609A6746229D0E8E00C8085F /* TestViewController.m */ = {isa = PBXFileReference; lastKnownFileType = sourcecode.c.objc; path = TestViewController.m; sourceTree = "<group>"; };
/* End PBXFileReference section */

/* Begin PBXFrameworksBuildPhase section */
		609A6729229D0E4900C8085F /* Frameworks */ = {
			isa = PBXFrameworksBuildPhase;
			buildActionMask = 2147483647;
			files = (
			);
			runOnlyForDeploymentPostprocessing = 0;
		};
/* End PBXFrameworksBuildPhase section */

/* Begin PBXGroup section */
		609A6723229D0E4900C8085F = {
			isa = PBXGroup;
			children = (
				609A672E229D0E4900C8085F /* TestPass */,
				609A672D229D0E4900C8085F /* Products */,
			);
			sourceTree = "<group>";
		};
		609A672D229D0E4900C8085F /* Products */ = {
			isa = PBXGroup;
			children = (
				609A672C229D0E4900C8085F /* TestPass.app */,
			);
			name = Products;
			sourceTree = "<group>";
		};
		609A672E229D0E4900C8085F /* TestPass */ = {
			isa = PBXGroup;
			children = (
				609A672F229D0E4900C8085F /* AppDelegate.h */,
				609A6730229D0E4900C8085F /* AppDelegate.m */,
				609A6732229D0E4900C8085F /* ViewController.h */,
				609A6733229D0E4900C8085F /* ViewController.m */,
				609A6735229D0E4900C8085F /* Main.storyboard */,
				609A6738229D0E4900C8085F /* Assets.xcassets */,
				609A673A229D0E4900C8085F /* LaunchScreen.storyboard */,
				609A673D229D0E4900C8085F /* Info.plist */,
				609A673E229D0E4900C8085F /* main.m */,
				609A6745229D0E8E00C8085F /* TestViewController.h */,
				609A6746229D0E8E00C8085F /* TestViewController.m */,
			);
			path = TestPass;
			sourceTree = "<group>";
		};
/* End PBXGroup section */

/* Begin PBXNativeTarget section */
		609A672B229D0E4900C8085F /* TestPass */ = {
			isa = PBXNativeTarget;
			buildConfigurationList = 609A6742229D0E4900C8085F /* Build configuration list for PBXNativeTarget "TestPass" */;
			buildPhases = (
				609A6728229D0E4900C8085F /* Sources */,
				609A6729229D0E4900C8085F /* Frameworks */,
				609A672A229D0E4900C8085F /* Resources */,
			);
			buildRules = (
			);
			dependencies = (
			);
			name = TestPass;
			productName = TestPass;
			productReference = 609A672C229D0E4900C8085F /* TestPass.app */;
			productType = "com.apple.product-type.application";
		};
/* End PBXNativeTarget section */

/* Begin PBXProject section */
		609A6724229D0E4900C8085F /* Project object */ = {
			isa = PBXProject;
			attributes = {
				LastUpgradeCheck = 1020;
				ORGANIZATIONNAME = QinTuanye;
				TargetAttributes = {
					609A672B229D0E4900C8085F = {
						CreatedOnToolsVersion = 10.2.1;
					};
				};
			};
			buildConfigurationList = 609A6727229D0E4900C8085F /* Build configuration list for PBXProject "TestPass" */;
			compatibilityVersion = "Xcode 9.3";
			developmentRegion = en;
			hasScannedForEncodings = 0;
			knownRegions = (
				en,
				Base,
			);
			mainGroup = 609A6723229D0E4900C8085F;
			productRefGroup = 609A672D229D0E4900C8085F /* Products */;
			projectDirPath = "";
			projectRoot = "";
			targets = (
				609A672B229D0E4900C8085F /* TestPass */,
			);
		};
/* End PBXProject section */

/* Begin PBXResourcesBuildPhase section */
		609A672A229D0E4900C8085F /* Resources */ = {
			isa = PBXResourcesBuildPhase;
			buildActionMask = 2147483647;
			files = (
				609A673C229D0E4900C8085F /* LaunchScreen.storyboard in Resources */,
				609A6739229D0E4900C8085F /* Assets.xcassets in Resources */,
				609A6737229D0E4900C8085F /* Main.storyboard in Resources */,
			);
			runOnlyForDeploymentPostprocessing = 0;
		};
/* End PBXResourcesBuildPhase section */

/* Begin PBXSourcesBuildPhase section */
		609A6728229D0E4900C8085F /* Sources */ = {
			isa = PBXSourcesBuildPhase;
			buildActionMask = 2147483647;
			files = (
				609A6734229D0E4900C8085F /* ViewController.m in Sources */,
				609A673F229D0E4900C8085F /* main.m in Sources */,
				609A6747229D0E8E00C8085F /* TestViewController.m in Sources */,
				609A6731229D0E4900C8085F /* AppDelegate.m in Sources */,
			);
			runOnlyForDeploymentPostprocessing = 0;
		};
/* End PBXSourcesBuildPhase section */

/* Begin PBXVariantGroup section */
		609A6735229D0E4900C8085F /* Main.storyboard */ = {
			isa = PBXVariantGroup;
			children = (
				609A6736229D0E4900C8085F /* Base */,
			);
			name = Main.storyboard;
			sourceTree = "<group>";
		};
		609A673A229D0E4900C8085F /* LaunchScreen.storyboard */ = {
			isa = PBXVariantGroup;
			children = (
				609A673B229D0E4900C8085F /* Base */,
			);
			name = LaunchScreen.storyboard;
			sourceTree = "<group>";
		};
/* End PBXVariantGroup section */

/* Begin XCBuildConfiguration section */
		609A6740229D0E4900C8085F /* Debug */ = {
			isa = XCBuildConfiguration;
			buildSettings = {
				ALWAYS_SEARCH_USER_PATHS = NO;
				CLANG_ANALYZER_NONNULL = YES;
				CLANG_ANALYZER_NUMBER_OBJECT_CONVERSION = YES_AGGRESSIVE;
				CLANG_CXX_LANGUAGE_STANDARD = "gnu++14";
				CLANG_CXX_LIBRARY = "libc++";
				CLANG_ENABLE_MODULES = YES;
				CLANG_ENABLE_OBJC_ARC = YES;
				CLANG_ENABLE_OBJC_WEAK = YES;
				CLANG_WARN_BLOCK_CAPTURE_AUTORELEASING = YES;
				CLANG_WARN_BOOL_CONVERSION = YES;
				CLANG_WARN_COMMA = YES;
				CLANG_WARN_CONSTANT_CONVERSION = YES;
				CLANG_WARN_DEPRECATED_OBJC_IMPLEMENTATIONS = YES;
				CLANG_WARN_DIRECT_OBJC_ISA_USAGE = YES_ERROR;
				CLANG_WARN_DOCUMENTATION_COMMENTS = YES;
				CLANG_WARN_EMPTY_BODY = YES;
				CLANG_WARN_ENUM_CONVERSION = YES;
				CLANG_WARN_INFINITE_RECURSION = YES;
				CLANG_WARN_INT_CONVERSION = YES;
				CLANG_WARN_NON_LITERAL_NULL_CONVERSION = YES;
				CLANG_WARN_OBJC_IMPLICIT_RETAIN_SELF = YES;
				CLANG_WARN_OBJC_LITERAL_CONVERSION = YES;
				CLANG_WARN_OBJC_ROOT_CLASS = YES_ERROR;
				CLANG_WARN_RANGE_LOOP_ANALYSIS = YES;
				CLANG_WARN_STRICT_PROTOTYPES = YES;
				CLANG_WARN_SUSPICIOUS_MOVE = YES;
				CLANG_WARN_UNGUARDED_AVAILABILITY = YES_AGGRESSIVE;
				CLANG_WARN_UNREACHABLE_CODE = YES;
				CLANG_WARN__DUPLICATE_METHOD_MATCH = YES;
				CODE_SIGN_IDENTITY = "iPhone Developer";
				COPY_PHASE_STRIP = NO;
				DEBUG_INFORMATION_FORMAT = dwarf;
				ENABLE_STRICT_OBJC_MSGSEND = YES;
				ENABLE_TESTABILITY = YES;
				GCC_C_LANGUAGE_STANDARD = gnu11;
				GCC_DYNAMIC_NO_PIC = NO;
				GCC_NO_COMMON_BLOCKS = YES;
				GCC_OPTIMIZATION_LEVEL = 0;
				GCC_PREPROCESSOR_DEFINITIONS = (
					"DEBUG=1",
					"$(inherited)",
				);
				GCC_WARN_64_TO_32_BIT_CONVERSION = YES;
				GCC_WARN_ABOUT_RETURN_TYPE = YES_ERROR;
				GCC_WARN_UNDECLARED_SELECTOR = YES;
				GCC_WARN_UNINITIALIZED_AUTOS = YES_AGGRESSIVE;
				GCC_WARN_UNUSED_FUNCTION = YES;
				GCC_WARN_UNUSED_VARIABLE = YES;
				IPHONEOS_DEPLOYMENT_TARGET = 12.2;
				MTL_ENABLE_DEBUG_INFO = INCLUDE_SOURCE;
				MTL_FAST_MATH = YES;
				ONLY_ACTIVE_ARCH = YES;
				SDKROOT = iphoneos;
			};
			name = Debug;
		};
		609A6741229D0E4900C8085F /* Release */ = {
			isa = XCBuildConfiguration;
			buildSettings = {
				ALWAYS_SEARCH_USER_PATHS = NO;
				CLANG_ANALYZER_NONNULL = YES;
				CLANG_ANALYZER_NUMBER_OBJECT_CONVERSION = YES_AGGRESSIVE;
				CLANG_CXX_LANGUAGE_STANDARD = "gnu++14";
				CLANG_CXX_LIBRARY = "libc++";
				CLANG_ENABLE_MODULES = YES;
				CLANG_ENABLE_OBJC_ARC = YES;
				CLANG_ENABLE_OBJC_WEAK = YES;
				CLANG_WARN_BLOCK_CAPTURE_AUTORELEASING = YES;
				CLANG_WARN_BOOL_CONVERSION = YES;
				CLANG_WARN_COMMA = YES;
				CLANG_WARN_CONSTANT_CONVERSION = YES;
				CLANG_WARN_DEPRECATED_OBJC_IMPLEMENTATIONS = YES;
				CLANG_WARN_DIRECT_OBJC_ISA_USAGE = YES_ERROR;
				CLANG_WARN_DOCUMENTATION_COMMENTS = YES;
				CLANG_WARN_EMPTY_BODY = YES;
				CLANG_WARN_ENUM_CONVERSION = YES;
				CLANG_WARN_INFINITE_RECURSION = YES;
				CLANG_WARN_INT_CONVERSION = YES;
				CLANG_WARN_NON_LITERAL_NULL_CONVERSION = YES;
				CLANG_WARN_OBJC_IMPLICIT_RETAIN_SELF = YES;
				CLANG_WARN_OBJC_LITERAL_CONVERSION = YES;
				CLANG_WARN_OBJC_ROOT_CLASS = YES_ERROR;
				CLANG_WARN_RANGE_LOOP_ANALYSIS = YES;
				CLANG_WARN_STRICT_PROTOTYPES = YES;
				CLANG_WARN_SUSPICIOUS_MOVE = YES;
				CLANG_WARN_UNGUARDED_AVAILABILITY = YES_AGGRESSIVE;
				CLANG_WARN_UNREACHABLE_CODE = YES;
				CLANG_WARN__DUPLICATE_METHOD_MATCH = YES;
				CODE_SIGN_IDENTITY = "iPhone Developer";
				COPY_PHASE_STRIP = NO;
				DEBUG_INFORMATION_FORMAT = "dwarf-with-dsym";
				ENABLE_NS_ASSERTIONS = NO;
				ENABLE_STRICT_OBJC_MSGSEND = YES;
				GCC_C_LANGUAGE_STANDARD = gnu11;
				GCC_NO_COMMON_BLOCKS = YES;
				GCC_WARN_64_TO_32_BIT_CONVERSION = YES;
				GCC_WARN_ABOUT_RETURN_TYPE = YES_ERROR;
				GCC_WARN_UNDECLARED_SELECTOR = YES;
				GCC_WARN_UNINITIALIZED_AUTOS = YES_AGGRESSIVE;
				GCC_WARN_UNUSED_FUNCTION = YES;
				GCC_WARN_UNUSED_VARIABLE = YES;
				IPHONEOS_DEPLOYMENT_TARGET = 12.2;
				MTL_ENABLE_DEBUG_INFO = NO;
				MTL_FAST_MATH = YES;
				SDKROOT = iphoneos;
				VALIDATE_PRODUCT = YES;
			};
			name = Release;
		};
		609A6743229D0E4900C8085F /* Debug */ = {
			isa = XCBuildConfiguration;
			buildSettings = {
				ASSETCATALOG_COMPILER_APPICON_NAME = AppIcon;
				CODE_SIGN_STYLE = Automatic;
				DEVELOPMENT_TEAM = "";
				INFOPLIST_FILE = TestPass/Info.plist;
				LD_RUNPATH_SEARCH_PATHS = (
					"$(inherited)",
					"@executable_path/Frameworks",
				);
				PRODUCT_BUNDLE_IDENTIFIER = com.qty.TestPass;
				PRODUCT_NAME = "$(TARGET_NAME)";
				TARGETED_DEVICE_FAMILY = "1,2";
			};
			name = Debug;
		};
		609A6744229D0E4900C8085F /* Release */ = {
			isa = XCBuildConfiguration;
			buildSettings = {
				ASSETCATALOG_COMPILER_APPICON_NAME = AppIcon;
				CODE_SIGN_STYLE = Automatic;
				DEVELOPMENT_TEAM = "";
				INFOPLIST_FILE = TestPass/Info.plist;
				LD_RUNPATH_SEARCH_PATHS = (
					"$(inherited)",
					"@executable_path/Frameworks",
				);
				PRODUCT_BUNDLE_IDENTIFIER = com.qty.TestPass;
				PRODUCT_NAME = "$(TARGET_NAME)";
				TARGETED_DEVICE_FAMILY = "1,2";
			};
			name = Release;
		};
/* End XCBuildConfiguration section */

/* Begin XCConfigurationList section */
		609A6727229D0E4900C8085F /* Build configuration list for PBXProject "TestPass" */ = {
			isa = XCConfigurationList;
			buildConfigurations = (
				609A6740229D0E4900C8085F /* Debug */,
				609A6741229D0E4900C8085F /* Release */,
			);
			defaultConfigurationIsVisible = 0;
			defaultConfigurationName = Release;
		};
		609A6742229D0E4900C8085F /* Build configuration list for PBXNativeTarget "TestPass" */ = {
			isa = XCConfigurationList;
			buildConfigurations = (
				609A6743229D0E4900C8085F /* Debug */,
				609A6744229D0E4900C8085F /* Release */,
			);
			defaultConfigurationIsVisible = 0;
			defaultConfigurationName = Release;
		};
/* End XCConfigurationList section */
	};
	rootObject = 609A6724229D0E4900C8085F /* Project object */;
}
