// !$*UTF8*$!
{
	archiveVersion = 1;
	classes = {
	};
	objectVersion = 50;
	objects = {

/* Begin PBXBuildFile section */
		60CB9C88229B7A8B00473C74 /* AppDelegate.m in Sources */ = {isa = PBXBuildFile; fileRef = 60CB9C87229B7A8B00473C74 /* AppDelegate.m */; };
		60CB9C8B229B7A8B00473C74 /* ViewController.m in Sources */ = {isa = PBXBuildFile; fileRef = 60CB9C8A229B7A8B00473C74 /* ViewController.m */; };
		60CB9C8E229B7A8B00473C74 /* Main.storyboard in Resources */ = {isa = PBXBuildFile; fileRef = 60CB9C8C229B7A8B00473C74 /* Main.storyboard */; };
		60CB9C90229B7A8C00473C74 /* Assets.xcassets in Resources */ = {isa = PBXBuildFile; fileRef = 60CB9C8F229B7A8C00473C74 /* Assets.xcassets */; };
		60CB9C93229B7A8C00473C74 /* LaunchScreen.storyboard in Resources */ = {isa = PBXBuildFile; fileRef = 60CB9C91229B7A8C00473C74 /* LaunchScreen.storyboard */; };
		60CB9C96229B7A8C00473C74 /* main.m in Sources */ = {isa = PBXBuildFile; fileRef = 60CB9C95229B7A8C00473C74 /* main.m */; };
/* End PBXBuildFile section */

/* Begin PBXFileReference section */
		60CB9C83229B7A8B00473C74 /* DynamicSelfAttribute.app */ = {isa = PBXFileReference; explicitFileType = wrapper.application; includeInIndex = 0; path = DynamicSelfAttribute.app; sourceTree = BUILT_PRODUCTS_DIR; };
		60CB9C86229B7A8B00473C74 /* AppDelegate.h */ = {isa = PBXFileReference; lastKnownFileType = sourcecode.c.h; path = AppDelegate.h; sourceTree = "<group>"; };
		60CB9C87229B7A8B00473C74 /* AppDelegate.m */ = {isa = PBXFileReference; lastKnownFileType = sourcecode.c.objc; path = AppDelegate.m; sourceTree = "<group>"; };
		60CB9C89229B7A8B00473C74 /* ViewController.h */ = {isa = PBXFileReference; lastKnownFileType = sourcecode.c.h; path = ViewController.h; sourceTree = "<group>"; };
		60CB9C8A229B7A8B00473C74 /* ViewController.m */ = {isa = PBXFileReference; lastKnownFileType = sourcecode.c.objc; path = ViewController.m; sourceTree = "<group>"; };
		60CB9C8D229B7A8B00473C74 /* Base */ = {isa = PBXFileReference; lastKnownFileType = file.storyboard; name = Base; path = Base.lproj/Main.storyboard; sourceTree = "<group>"; };
		60CB9C8F229B7A8C00473C74 /* Assets.xcassets */ = {isa = PBXFileReference; lastKnownFileType = folder.assetcatalog; path = Assets.xcassets; sourceTree = "<group>"; };
		60CB9C92229B7A8C00473C74 /* Base */ = {isa = PBXFileReference; lastKnownFileType = file.storyboard; name = Base; path = Base.lproj/LaunchScreen.storyboard; sourceTree = "<group>"; };
		60CB9C94229B7A8C00473C74 /* Info.plist */ = {isa = PBXFileReference; lastKnownFileType = text.plist.xml; path = Info.plist; sourceTree = "<group>"; };
		60CB9C95229B7A8C00473C74 /* main.m */ = {isa = PBXFileReference; lastKnownFileType = sourcecode.c.objc; path = main.m; sourceTree = "<group>"; };
/* End PBXFileReference section */

/* Begin PBXFrameworksBuildPhase section */
		60CB9C80229B7A8B00473C74 /* Frameworks */ = {
			isa = PBXFrameworksBuildPhase;
			buildActionMask = 2147483647;
			files = (
			);
			runOnlyForDeploymentPostprocessing = 0;
		};
/* End PBXFrameworksBuildPhase section */

/* Begin PBXGroup section */
		60CB9C7A229B7A8B00473C74 = {
			isa = PBXGroup;
			children = (
				60CB9C85229B7A8B00473C74 /* DynamicSelfAttribute */,
				60CB9C84229B7A8B00473C74 /* Products */,
			);
			sourceTree = "<group>";
		};
		60CB9C84229B7A8B00473C74 /* Products */ = {
			isa = PBXGroup;
			children = (
				60CB9C83229B7A8B00473C74 /* DynamicSelfAttribute.app */,
			);
			name = Products;
			sourceTree = "<group>";
		};
		60CB9C85229B7A8B00473C74 /* DynamicSelfAttribute */ = {
			isa = PBXGroup;
			children = (
				60CB9C86229B7A8B00473C74 /* AppDelegate.h */,
				60CB9C87229B7A8B00473C74 /* AppDelegate.m */,
				60CB9C89229B7A8B00473C74 /* ViewController.h */,
				60CB9C8A229B7A8B00473C74 /* ViewController.m */,
				60CB9C8C229B7A8B00473C74 /* Main.storyboard */,
				60CB9C8F229B7A8C00473C74 /* Assets.xcassets */,
				60CB9C91229B7A8C00473C74 /* LaunchScreen.storyboard */,
				60CB9C94229B7A8C00473C74 /* Info.plist */,
				60CB9C95229B7A8C00473C74 /* main.m */,
			);
			path = DynamicSelfAttribute;
			sourceTree = "<group>";
		};
/* End PBXGroup section */

/* Begin PBXNativeTarget section */
		60CB9C82229B7A8B00473C74 /* DynamicSelfAttribute */ = {
			isa = PBXNativeTarget;
			buildConfigurationList = 60CB9C99229B7A8C00473C74 /* Build configuration list for PBXNativeTarget "DynamicSelfAttribute" */;
			buildPhases = (
				60CB9C7F229B7A8B00473C74 /* Sources */,
				60CB9C80229B7A8B00473C74 /* Frameworks */,
				60CB9C81229B7A8B00473C74 /* Resources */,
			);
			buildRules = (
			);
			dependencies = (
			);
			name = DynamicSelfAttribute;
			productName = DynamicSelfAttribute;
			productReference = 60CB9C83229B7A8B00473C74 /* DynamicSelfAttribute.app */;
			productType = "com.apple.product-type.application";
		};
/* End PBXNativeTarget section */

/* Begin PBXProject section */
		60CB9C7B229B7A8B00473C74 /* Project object */ = {
			isa = PBXProject;
			attributes = {
				LastUpgradeCheck = 1020;
				ORGANIZATIONNAME = QinTuanye;
				TargetAttributes = {
					60CB9C82229B7A8B00473C74 = {
						CreatedOnToolsVersion = 10.2.1;
					};
				};
			};
			buildConfigurationList = 60CB9C7E229B7A8B00473C74 /* Build configuration list for PBXProject "DynamicSelfAttribute" */;
			compatibilityVersion = "Xcode 9.3";
			developmentRegion = en;
			hasScannedForEncodings = 0;
			knownRegions = (
				en,
				Base,
			);
			mainGroup = 60CB9C7A229B7A8B00473C74;
			productRefGroup = 60CB9C84229B7A8B00473C74 /* Products */;
			projectDirPath = "";
			projectRoot = "";
			targets = (
				60CB9C82229B7A8B00473C74 /* DynamicSelfAttribute */,
			);
		};
/* End PBXProject section */

/* Begin PBXResourcesBuildPhase section */
		60CB9C81229B7A8B00473C74 /* Resources */ = {
			isa = PBXResourcesBuildPhase;
			buildActionMask = 2147483647;
			files = (
				60CB9C93229B7A8C00473C74 /* LaunchScreen.storyboard in Resources */,
				60CB9C90229B7A8C00473C74 /* Assets.xcassets in Resources */,
				60CB9C8E229B7A8B00473C74 /* Main.storyboard in Resources */,
			);
			runOnlyForDeploymentPostprocessing = 0;
		};
/* End PBXResourcesBuildPhase section */

/* Begin PBXSourcesBuildPhase section */
		60CB9C7F229B7A8B00473C74 /* Sources */ = {
			isa = PBXSourcesBuildPhase;
			buildActionMask = 2147483647;
			files = (
				60CB9C8B229B7A8B00473C74 /* ViewController.m in Sources */,
				60CB9C96229B7A8C00473C74 /* main.m in Sources */,
				60CB9C88229B7A8B00473C74 /* AppDelegate.m in Sources */,
			);
			runOnlyForDeploymentPostprocessing = 0;
		};
/* End PBXSourcesBuildPhase section */

/* Begin PBXVariantGroup section */
		60CB9C8C229B7A8B00473C74 /* Main.storyboard */ = {
			isa = PBXVariantGroup;
			children = (
				60CB9C8D229B7A8B00473C74 /* Base */,
			);
			name = Main.storyboard;
			sourceTree = "<group>";
		};
		60CB9C91229B7A8C00473C74 /* LaunchScreen.storyboard */ = {
			isa = PBXVariantGroup;
			children = (
				60CB9C92229B7A8C00473C74 /* Base */,
			);
			name = LaunchScreen.storyboard;
			sourceTree = "<group>";
		};
/* End PBXVariantGroup section */

/* Begin XCBuildConfiguration section */
		60CB9C97229B7A8C00473C74 /* Debug */ = {
			isa = XCBuildConfiguration;
			buildSettings = {
				ALWAYS_SEARCH_USER_PATHS = NO;
				CLANG_ANALYZER_NONNULL = YES;
				CLANG_ANALYZER_NUMBER_OBJECT_CONVERSION = YES_AGGRESSIVE;
				CLANG_CXX_LANGUAGE_STANDARD = "gnu++14";
				CLANG_CXX_LIBRARY = "libc++";
				CLANG_ENABLE_MODULES = YES;
				CLANG_ENABLE_OBJC_ARC = YES;
				CLANG_ENABLE_OBJC_WEAK = YES;
				CLANG_WARN_BLOCK_CAPTURE_AUTORELEASING = YES;
				CLANG_WARN_BOOL_CONVERSION = YES;
				CLANG_WARN_COMMA = YES;
				CLANG_WARN_CONSTANT_CONVERSION = YES;
				CLANG_WARN_DEPRECATED_OBJC_IMPLEMENTATIONS = YES;
				CLANG_WARN_DIRECT_OBJC_ISA_USAGE = YES_ERROR;
				CLANG_WARN_DOCUMENTATION_COMMENTS = YES;
				CLANG_WARN_EMPTY_BODY = YES;
				CLANG_WARN_ENUM_CONVERSION = YES;
				CLANG_WARN_INFINITE_RECURSION = YES;
				CLANG_WARN_INT_CONVERSION = YES;
				CLANG_WARN_NON_LITERAL_NULL_CONVERSION = YES;
				CLANG_WARN_OBJC_IMPLICIT_RETAIN_SELF = YES;
				CLANG_WARN_OBJC_LITERAL_CONVERSION = YES;
				CLANG_WARN_OBJC_ROOT_CLASS = YES_ERROR;
				CLANG_WARN_RANGE_LOOP_ANALYSIS = YES;
				CLANG_WARN_STRICT_PROTOTYPES = YES;
				CLANG_WARN_SUSPICIOUS_MOVE = YES;
				CLANG_WARN_UNGUARDED_AVAILABILITY = YES_AGGRESSIVE;
				CLANG_WARN_UNREACHABLE_CODE = YES;
				CLANG_WARN__DUPLICATE_METHOD_MATCH = YES;
				CODE_SIGN_IDENTITY = "iPhone Developer";
				COPY_PHASE_STRIP = NO;
				DEBUG_INFORMATION_FORMAT = dwarf;
				ENABLE_STRICT_OBJC_MSGSEND = YES;
				ENABLE_TESTABILITY = YES;
				GCC_C_LANGUAGE_STANDARD = gnu11;
				GCC_DYNAMIC_NO_PIC = NO;
				GCC_NO_COMMON_BLOCKS = YES;
				GCC_OPTIMIZATION_LEVEL = 0;
				GCC_PREPROCESSOR_DEFINITIONS = (
					"DEBUG=1",
					"$(inherited)",
				);
				GCC_WARN_64_TO_32_BIT_CONVERSION = YES;
				GCC_WARN_ABOUT_RETURN_TYPE = YES_ERROR;
				GCC_WARN_UNDECLARED_SELECTOR = YES;
				GCC_WARN_UNINITIALIZED_AUTOS = YES_AGGRESSIVE;
				GCC_WARN_UNUSED_FUNCTION = YES;
				GCC_WARN_UNUSED_VARIABLE = YES;
				IPHONEOS_DEPLOYMENT_TARGET = 12.2;
				MTL_ENABLE_DEBUG_INFO = INCLUDE_SOURCE;
				MTL_FAST_MATH = YES;
				ONLY_ACTIVE_ARCH = YES;
				SDKROOT = iphoneos;
			};
			name = Debug;
		};
		60CB9C98229B7A8C00473C74 /* Release */ = {
			isa = XCBuildConfiguration;
			buildSettings = {
				ALWAYS_SEARCH_USER_PATHS = NO;
				CLANG_ANALYZER_NONNULL = YES;
				CLANG_ANALYZER_NUMBER_OBJECT_CONVERSION = YES_AGGRESSIVE;
				CLANG_CXX_LANGUAGE_STANDARD = "gnu++14";
				CLANG_CXX_LIBRARY = "libc++";
				CLANG_ENABLE_MODULES = YES;
				CLANG_ENABLE_OBJC_ARC = YES;
				CLANG_ENABLE_OBJC_WEAK = YES;
				CLANG_WARN_BLOCK_CAPTURE_AUTORELEASING = YES;
				CLANG_WARN_BOOL_CONVERSION = YES;
				CLANG_WARN_COMMA = YES;
				CLANG_WARN_CONSTANT_CONVERSION = YES;
				CLANG_WARN_DEPRECATED_OBJC_IMPLEMENTATIONS = YES;
				CLANG_WARN_DIRECT_OBJC_ISA_USAGE = YES_ERROR;
				CLANG_WARN_DOCUMENTATION_COMMENTS = YES;
				CLANG_WARN_EMPTY_BODY = YES;
				CLANG_WARN_ENUM_CONVERSION = YES;
				CLANG_WARN_INFINITE_RECURSION = YES;
				CLANG_WARN_INT_CONVERSION = YES;
				CLANG_WARN_NON_LITERAL_NULL_CONVERSION = YES;
				CLANG_WARN_OBJC_IMPLICIT_RETAIN_SELF = YES;
				CLANG_WARN_OBJC_LITERAL_CONVERSION = YES;
				CLANG_WARN_OBJC_ROOT_CLASS = YES_ERROR;
				CLANG_WARN_RANGE_LOOP_ANALYSIS = YES;
				CLANG_WARN_STRICT_PROTOTYPES = YES;
				CLANG_WARN_SUSPICIOUS_MOVE = YES;
				CLANG_WARN_UNGUARDED_AVAILABILITY = YES_AGGRESSIVE;
				CLANG_WARN_UNREACHABLE_CODE = YES;
				CLANG_WARN__DUPLICATE_METHOD_MATCH = YES;
				CODE_SIGN_IDENTITY = "iPhone Developer";
				COPY_PHASE_STRIP = NO;
				DEBUG_INFORMATION_FORMAT = "dwarf-with-dsym";
				ENABLE_NS_ASSERTIONS = NO;
				ENABLE_STRICT_OBJC_MSGSEND = YES;
				GCC_C_LANGUAGE_STANDARD = gnu11;
				GCC_NO_COMMON_BLOCKS = YES;
				GCC_WARN_64_TO_32_BIT_CONVERSION = YES;
				GCC_WARN_ABOUT_RETURN_TYPE = YES_ERROR;
				GCC_WARN_UNDECLARED_SELECTOR = YES;
				GCC_WARN_UNINITIALIZED_AUTOS = YES_AGGRESSIVE;
				GCC_WARN_UNUSED_FUNCTION = YES;
				GCC_WARN_UNUSED_VARIABLE = YES;
				IPHONEOS_DEPLOYMENT_TARGET = 12.2;
				MTL_ENABLE_DEBUG_INFO = NO;
				MTL_FAST_MATH = YES;
				SDKROOT = iphoneos;
				VALIDATE_PRODUCT = YES;
			};
			name = Release;
		};
		60CB9C9A229B7A8C00473C74 /* Debug */ = {
			isa = XCBuildConfiguration;
			buildSettings = {
				ASSETCATALOG_COMPILER_APPICON_NAME = AppIcon;
				CODE_SIGN_STYLE = Automatic;
				DEVELOPMENT_TEAM = "";
				INFOPLIST_FILE = DynamicSelfAttribute/Info.plist;
				LD_RUNPATH_SEARCH_PATHS = (
					"$(inherited)",
					"@executable_path/Frameworks",
				);
				PRODUCT_BUNDLE_IDENTIFIER = com.qty.DynamicSelfAttribute;
				PRODUCT_NAME = "$(TARGET_NAME)";
				TARGETED_DEVICE_FAMILY = "1,2";
			};
			name = Debug;
		};
		60CB9C9B229B7A8C00473C74 /* Release */ = {
			isa = XCBuildConfiguration;
			buildSettings = {
				ASSETCATALOG_COMPILER_APPICON_NAME = AppIcon;
				CODE_SIGN_STYLE = Automatic;
				DEVELOPMENT_TEAM = "";
				INFOPLIST_FILE = DynamicSelfAttribute/Info.plist;
				LD_RUNPATH_SEARCH_PATHS = (
					"$(inherited)",
					"@executable_path/Frameworks",
				);
				PRODUCT_BUNDLE_IDENTIFIER = com.qty.DynamicSelfAttribute;
				PRODUCT_NAME = "$(TARGET_NAME)";
				TARGETED_DEVICE_FAMILY = "1,2";
			};
			name = Release;
		};
/* End XCBuildConfiguration section */

/* Begin XCConfigurationList section */
		60CB9C7E229B7A8B00473C74 /* Build configuration list for PBXProject "DynamicSelfAttribute" */ = {
			isa = XCConfigurationList;
			buildConfigurations = (
				60CB9C97229B7A8C00473C74 /* Debug */,
				60CB9C98229B7A8C00473C74 /* Release */,
			);
			defaultConfigurationIsVisible = 0;
			defaultConfigurationName = Release;
		};
		60CB9C99229B7A8C00473C74 /* Build configuration list for PBXNativeTarget "DynamicSelfAttribute" */ = {
			isa = XCConfigurationList;
			buildConfigurations = (
				60CB9C9A229B7A8C00473C74 /* Debug */,
				60CB9C9B229B7A8C00473C74 /* Release */,
			);
			defaultConfigurationIsVisible = 0;
			defaultConfigurationName = Release;
		};
/* End XCConfigurationList section */
	};
	rootObject = 60CB9C7B229B7A8B00473C74 /* Project object */;
}
