// !$*UTF8*$!
{
	archiveVersion = 1;
	classes = {
	};
	objectVersion = 50;
	objects = {

/* Begin PBXBuildFile section */
		600143142292935D002FAB20 /* AppDelegate.m in Sources */ = {isa = PBXBuildFile; fileRef = 600143132292935D002FAB20 /* AppDelegate.m */; };
		600143172292935D002FAB20 /* ViewController.m in Sources */ = {isa = PBXBuildFile; fileRef = 600143162292935D002FAB20 /* ViewController.m */; };
		6001431A2292935D002FAB20 /* Main.storyboard in Resources */ = {isa = PBXBuildFile; fileRef = 600143182292935D002FAB20 /* Main.storyboard */; };
		6001431C2292935E002FAB20 /* Assets.xcassets in Resources */ = {isa = PBXBuildFile; fileRef = 6001431B2292935E002FAB20 /* Assets.xcassets */; };
		6001431F2292935F002FAB20 /* LaunchScreen.storyboard in Resources */ = {isa = PBXBuildFile; fileRef = 6001431D2292935E002FAB20 /* LaunchScreen.storyboard */; };
		600143222292935F002FAB20 /* main.m in Sources */ = {isa = PBXBuildFile; fileRef = 600143212292935F002FAB20 /* main.m */; };
		6001432A22929396002FAB20 /* HMView.m in Sources */ = {isa = PBXBuildFile; fileRef = 6001432922929396002FAB20 /* HMView.m */; };
/* End PBXBuildFile section */

/* Begin PBXFileReference section */
		6001430F2292935D002FAB20 /* GestureUnlock3.app */ = {isa = PBXFileReference; explicitFileType = wrapper.application; includeInIndex = 0; path = GestureUnlock3.app; sourceTree = BUILT_PRODUCTS_DIR; };
		600143122292935D002FAB20 /* AppDelegate.h */ = {isa = PBXFileReference; lastKnownFileType = sourcecode.c.h; path = AppDelegate.h; sourceTree = "<group>"; };
		600143132292935D002FAB20 /* AppDelegate.m */ = {isa = PBXFileReference; lastKnownFileType = sourcecode.c.objc; path = AppDelegate.m; sourceTree = "<group>"; };
		600143152292935D002FAB20 /* ViewController.h */ = {isa = PBXFileReference; lastKnownFileType = sourcecode.c.h; path = ViewController.h; sourceTree = "<group>"; };
		600143162292935D002FAB20 /* ViewController.m */ = {isa = PBXFileReference; lastKnownFileType = sourcecode.c.objc; path = ViewController.m; sourceTree = "<group>"; };
		600143192292935D002FAB20 /* Base */ = {isa = PBXFileReference; lastKnownFileType = file.storyboard; name = Base; path = Base.lproj/Main.storyboard; sourceTree = "<group>"; };
		6001431B2292935E002FAB20 /* Assets.xcassets */ = {isa = PBXFileReference; lastKnownFileType = folder.assetcatalog; path = Assets.xcassets; sourceTree = "<group>"; };
		6001431E2292935F002FAB20 /* Base */ = {isa = PBXFileReference; lastKnownFileType = file.storyboard; name = Base; path = Base.lproj/LaunchScreen.storyboard; sourceTree = "<group>"; };
		600143202292935F002FAB20 /* Info.plist */ = {isa = PBXFileReference; lastKnownFileType = text.plist.xml; path = Info.plist; sourceTree = "<group>"; };
		600143212292935F002FAB20 /* main.m */ = {isa = PBXFileReference; lastKnownFileType = sourcecode.c.objc; path = main.m; sourceTree = "<group>"; };
		6001432822929396002FAB20 /* HMView.h */ = {isa = PBXFileReference; lastKnownFileType = sourcecode.c.h; path = HMView.h; sourceTree = "<group>"; };
		6001432922929396002FAB20 /* HMView.m */ = {isa = PBXFileReference; lastKnownFileType = sourcecode.c.objc; path = HMView.m; sourceTree = "<group>"; };
/* End PBXFileReference section */

/* Begin PBXFrameworksBuildPhase section */
		6001430C2292935D002FAB20 /* Frameworks */ = {
			isa = PBXFrameworksBuildPhase;
			buildActionMask = 2147483647;
			files = (
			);
			runOnlyForDeploymentPostprocessing = 0;
		};
/* End PBXFrameworksBuildPhase section */

/* Begin PBXGroup section */
		600143062292935D002FAB20 = {
			isa = PBXGroup;
			children = (
				600143112292935D002FAB20 /* GestureUnlock3 */,
				600143102292935D002FAB20 /* Products */,
			);
			sourceTree = "<group>";
		};
		600143102292935D002FAB20 /* Products */ = {
			isa = PBXGroup;
			children = (
				6001430F2292935D002FAB20 /* GestureUnlock3.app */,
			);
			name = Products;
			sourceTree = "<group>";
		};
		600143112292935D002FAB20 /* GestureUnlock3 */ = {
			isa = PBXGroup;
			children = (
				600143122292935D002FAB20 /* AppDelegate.h */,
				600143132292935D002FAB20 /* AppDelegate.m */,
				600143152292935D002FAB20 /* ViewController.h */,
				600143162292935D002FAB20 /* ViewController.m */,
				6001432822929396002FAB20 /* HMView.h */,
				6001432922929396002FAB20 /* HMView.m */,
				600143182292935D002FAB20 /* Main.storyboard */,
				6001431B2292935E002FAB20 /* Assets.xcassets */,
				6001431D2292935E002FAB20 /* LaunchScreen.storyboard */,
				600143202292935F002FAB20 /* Info.plist */,
				600143212292935F002FAB20 /* main.m */,
			);
			path = GestureUnlock3;
			sourceTree = "<group>";
		};
/* End PBXGroup section */

/* Begin PBXNativeTarget section */
		6001430E2292935D002FAB20 /* GestureUnlock3 */ = {
			isa = PBXNativeTarget;
			buildConfigurationList = 600143252292935F002FAB20 /* Build configuration list for PBXNativeTarget "GestureUnlock3" */;
			buildPhases = (
				6001430B2292935D002FAB20 /* Sources */,
				6001430C2292935D002FAB20 /* Frameworks */,
				6001430D2292935D002FAB20 /* Resources */,
			);
			buildRules = (
			);
			dependencies = (
			);
			name = GestureUnlock3;
			productName = GestureUnlock3;
			productReference = 6001430F2292935D002FAB20 /* GestureUnlock3.app */;
			productType = "com.apple.product-type.application";
		};
/* End PBXNativeTarget section */

/* Begin PBXProject section */
		600143072292935D002FAB20 /* Project object */ = {
			isa = PBXProject;
			attributes = {
				LastUpgradeCheck = 1020;
				ORGANIZATIONNAME = QinTuanye;
				TargetAttributes = {
					6001430E2292935D002FAB20 = {
						CreatedOnToolsVersion = 10.2.1;
					};
				};
			};
			buildConfigurationList = 6001430A2292935D002FAB20 /* Build configuration list for PBXProject "GestureUnlock3" */;
			compatibilityVersion = "Xcode 9.3";
			developmentRegion = en;
			hasScannedForEncodings = 0;
			knownRegions = (
				en,
				Base,
			);
			mainGroup = 600143062292935D002FAB20;
			productRefGroup = 600143102292935D002FAB20 /* Products */;
			projectDirPath = "";
			projectRoot = "";
			targets = (
				6001430E2292935D002FAB20 /* GestureUnlock3 */,
			);
		};
/* End PBXProject section */

/* Begin PBXResourcesBuildPhase section */
		6001430D2292935D002FAB20 /* Resources */ = {
			isa = PBXResourcesBuildPhase;
			buildActionMask = 2147483647;
			files = (
				6001431F2292935F002FAB20 /* LaunchScreen.storyboard in Resources */,
				6001431C2292935E002FAB20 /* Assets.xcassets in Resources */,
				6001431A2292935D002FAB20 /* Main.storyboard in Resources */,
			);
			runOnlyForDeploymentPostprocessing = 0;
		};
/* End PBXResourcesBuildPhase section */

/* Begin PBXSourcesBuildPhase section */
		6001430B2292935D002FAB20 /* Sources */ = {
			isa = PBXSourcesBuildPhase;
			buildActionMask = 2147483647;
			files = (
				600143172292935D002FAB20 /* ViewController.m in Sources */,
				600143222292935F002FAB20 /* main.m in Sources */,
				600143142292935D002FAB20 /* AppDelegate.m in Sources */,
				6001432A22929396002FAB20 /* HMView.m in Sources */,
			);
			runOnlyForDeploymentPostprocessing = 0;
		};
/* End PBXSourcesBuildPhase section */

/* Begin PBXVariantGroup section */
		600143182292935D002FAB20 /* Main.storyboard */ = {
			isa = PBXVariantGroup;
			children = (
				600143192292935D002FAB20 /* Base */,
			);
			name = Main.storyboard;
			sourceTree = "<group>";
		};
		6001431D2292935E002FAB20 /* LaunchScreen.storyboard */ = {
			isa = PBXVariantGroup;
			children = (
				6001431E2292935F002FAB20 /* Base */,
			);
			name = LaunchScreen.storyboard;
			sourceTree = "<group>";
		};
/* End PBXVariantGroup section */

/* Begin XCBuildConfiguration section */
		600143232292935F002FAB20 /* Debug */ = {
			isa = XCBuildConfiguration;
			buildSettings = {
				ALWAYS_SEARCH_USER_PATHS = NO;
				CLANG_ANALYZER_NONNULL = YES;
				CLANG_ANALYZER_NUMBER_OBJECT_CONVERSION = YES_AGGRESSIVE;
				CLANG_CXX_LANGUAGE_STANDARD = "gnu++14";
				CLANG_CXX_LIBRARY = "libc++";
				CLANG_ENABLE_MODULES = YES;
				CLANG_ENABLE_OBJC_ARC = YES;
				CLANG_ENABLE_OBJC_WEAK = YES;
				CLANG_WARN_BLOCK_CAPTURE_AUTORELEASING = YES;
				CLANG_WARN_BOOL_CONVERSION = YES;
				CLANG_WARN_COMMA = YES;
				CLANG_WARN_CONSTANT_CONVERSION = YES;
				CLANG_WARN_DEPRECATED_OBJC_IMPLEMENTATIONS = YES;
				CLANG_WARN_DIRECT_OBJC_ISA_USAGE = YES_ERROR;
				CLANG_WARN_DOCUMENTATION_COMMENTS = YES;
				CLANG_WARN_EMPTY_BODY = YES;
				CLANG_WARN_ENUM_CONVERSION = YES;
				CLANG_WARN_INFINITE_RECURSION = YES;
				CLANG_WARN_INT_CONVERSION = YES;
				CLANG_WARN_NON_LITERAL_NULL_CONVERSION = YES;
				CLANG_WARN_OBJC_IMPLICIT_RETAIN_SELF = YES;
				CLANG_WARN_OBJC_LITERAL_CONVERSION = YES;
				CLANG_WARN_OBJC_ROOT_CLASS = YES_ERROR;
				CLANG_WARN_RANGE_LOOP_ANALYSIS = YES;
				CLANG_WARN_STRICT_PROTOTYPES = YES;
				CLANG_WARN_SUSPICIOUS_MOVE = YES;
				CLANG_WARN_UNGUARDED_AVAILABILITY = YES_AGGRESSIVE;
				CLANG_WARN_UNREACHABLE_CODE = YES;
				CLANG_WARN__DUPLICATE_METHOD_MATCH = YES;
				CODE_SIGN_IDENTITY = "iPhone Developer";
				COPY_PHASE_STRIP = NO;
				DEBUG_INFORMATION_FORMAT = dwarf;
				ENABLE_STRICT_OBJC_MSGSEND = YES;
				ENABLE_TESTABILITY = YES;
				GCC_C_LANGUAGE_STANDARD = gnu11;
				GCC_DYNAMIC_NO_PIC = NO;
				GCC_NO_COMMON_BLOCKS = YES;
				GCC_OPTIMIZATION_LEVEL = 0;
				GCC_PREPROCESSOR_DEFINITIONS = (
					"DEBUG=1",
					"$(inherited)",
				);
				GCC_WARN_64_TO_32_BIT_CONVERSION = YES;
				GCC_WARN_ABOUT_RETURN_TYPE = YES_ERROR;
				GCC_WARN_UNDECLARED_SELECTOR = YES;
				GCC_WARN_UNINITIALIZED_AUTOS = YES_AGGRESSIVE;
				GCC_WARN_UNUSED_FUNCTION = YES;
				GCC_WARN_UNUSED_VARIABLE = YES;
				IPHONEOS_DEPLOYMENT_TARGET = 12.2;
				MTL_ENABLE_DEBUG_INFO = INCLUDE_SOURCE;
				MTL_FAST_MATH = YES;
				ONLY_ACTIVE_ARCH = YES;
				SDKROOT = iphoneos;
			};
			name = Debug;
		};
		600143242292935F002FAB20 /* Release */ = {
			isa = XCBuildConfiguration;
			buildSettings = {
				ALWAYS_SEARCH_USER_PATHS = NO;
				CLANG_ANALYZER_NONNULL = YES;
				CLANG_ANALYZER_NUMBER_OBJECT_CONVERSION = YES_AGGRESSIVE;
				CLANG_CXX_LANGUAGE_STANDARD = "gnu++14";
				CLANG_CXX_LIBRARY = "libc++";
				CLANG_ENABLE_MODULES = YES;
				CLANG_ENABLE_OBJC_ARC = YES;
				CLANG_ENABLE_OBJC_WEAK = YES;
				CLANG_WARN_BLOCK_CAPTURE_AUTORELEASING = YES;
				CLANG_WARN_BOOL_CONVERSION = YES;
				CLANG_WARN_COMMA = YES;
				CLANG_WARN_CONSTANT_CONVERSION = YES;
				CLANG_WARN_DEPRECATED_OBJC_IMPLEMENTATIONS = YES;
				CLANG_WARN_DIRECT_OBJC_ISA_USAGE = YES_ERROR;
				CLANG_WARN_DOCUMENTATION_COMMENTS = YES;
				CLANG_WARN_EMPTY_BODY = YES;
				CLANG_WARN_ENUM_CONVERSION = YES;
				CLANG_WARN_INFINITE_RECURSION = YES;
				CLANG_WARN_INT_CONVERSION = YES;
				CLANG_WARN_NON_LITERAL_NULL_CONVERSION = YES;
				CLANG_WARN_OBJC_IMPLICIT_RETAIN_SELF = YES;
				CLANG_WARN_OBJC_LITERAL_CONVERSION = YES;
				CLANG_WARN_OBJC_ROOT_CLASS = YES_ERROR;
				CLANG_WARN_RANGE_LOOP_ANALYSIS = YES;
				CLANG_WARN_STRICT_PROTOTYPES = YES;
				CLANG_WARN_SUSPICIOUS_MOVE = YES;
				CLANG_WARN_UNGUARDED_AVAILABILITY = YES_AGGRESSIVE;
				CLANG_WARN_UNREACHABLE_CODE = YES;
				CLANG_WARN__DUPLICATE_METHOD_MATCH = YES;
				CODE_SIGN_IDENTITY = "iPhone Developer";
				COPY_PHASE_STRIP = NO;
				DEBUG_INFORMATION_FORMAT = "dwarf-with-dsym";
				ENABLE_NS_ASSERTIONS = NO;
				ENABLE_STRICT_OBJC_MSGSEND = YES;
				GCC_C_LANGUAGE_STANDARD = gnu11;
				GCC_NO_COMMON_BLOCKS = YES;
				GCC_WARN_64_TO_32_BIT_CONVERSION = YES;
				GCC_WARN_ABOUT_RETURN_TYPE = YES_ERROR;
				GCC_WARN_UNDECLARED_SELECTOR = YES;
				GCC_WARN_UNINITIALIZED_AUTOS = YES_AGGRESSIVE;
				GCC_WARN_UNUSED_FUNCTION = YES;
				GCC_WARN_UNUSED_VARIABLE = YES;
				IPHONEOS_DEPLOYMENT_TARGET = 12.2;
				MTL_ENABLE_DEBUG_INFO = NO;
				MTL_FAST_MATH = YES;
				SDKROOT = iphoneos;
				VALIDATE_PRODUCT = YES;
			};
			name = Release;
		};
		600143262292935F002FAB20 /* Debug */ = {
			isa = XCBuildConfiguration;
			buildSettings = {
				ASSETCATALOG_COMPILER_APPICON_NAME = AppIcon;
				CODE_SIGN_STYLE = Automatic;
				DEVELOPMENT_TEAM = "";
				INFOPLIST_FILE = GestureUnlock3/Info.plist;
				LD_RUNPATH_SEARCH_PATHS = (
					"$(inherited)",
					"@executable_path/Frameworks",
				);
				PRODUCT_BUNDLE_IDENTIFIER = com.qty.GestureUnlock3;
				PRODUCT_NAME = "$(TARGET_NAME)";
				TARGETED_DEVICE_FAMILY = "1,2";
			};
			name = Debug;
		};
		600143272292935F002FAB20 /* Release */ = {
			isa = XCBuildConfiguration;
			buildSettings = {
				ASSETCATALOG_COMPILER_APPICON_NAME = AppIcon;
				CODE_SIGN_STYLE = Automatic;
				DEVELOPMENT_TEAM = "";
				INFOPLIST_FILE = GestureUnlock3/Info.plist;
				LD_RUNPATH_SEARCH_PATHS = (
					"$(inherited)",
					"@executable_path/Frameworks",
				);
				PRODUCT_BUNDLE_IDENTIFIER = com.qty.GestureUnlock3;
				PRODUCT_NAME = "$(TARGET_NAME)";
				TARGETED_DEVICE_FAMILY = "1,2";
			};
			name = Release;
		};
/* End XCBuildConfiguration section */

/* Begin XCConfigurationList section */
		6001430A2292935D002FAB20 /* Build configuration list for PBXProject "GestureUnlock3" */ = {
			isa = XCConfigurationList;
			buildConfigurations = (
				600143232292935F002FAB20 /* Debug */,
				600143242292935F002FAB20 /* Release */,
			);
			defaultConfigurationIsVisible = 0;
			defaultConfigurationName = Release;
		};
		600143252292935F002FAB20 /* Build configuration list for PBXNativeTarget "GestureUnlock3" */ = {
			isa = XCConfigurationList;
			buildConfigurations = (
				600143262292935F002FAB20 /* Debug */,
				600143272292935F002FAB20 /* Release */,
			);
			defaultConfigurationIsVisible = 0;
			defaultConfigurationName = Release;
		};
/* End XCConfigurationList section */
	};
	rootObject = 600143072292935D002FAB20 /* Project object */;
}
