// !$*UTF8*$!
{
	archiveVersion = 1;
	classes = {
	};
	objectVersion = 50;
	objects = {

/* Begin PBXBuildFile section */
		600143A8229297A3002FAB20 /* AppDelegate.m in Sources */ = {isa = PBXBuildFile; fileRef = 600143A7229297A3002FAB20 /* AppDelegate.m */; };
		600143AB229297A3002FAB20 /* ViewController.m in Sources */ = {isa = PBXBuildFile; fileRef = 600143AA229297A3002FAB20 /* ViewController.m */; };
		600143AE229297A3002FAB20 /* Main.storyboard in Resources */ = {isa = PBXBuildFile; fileRef = 600143AC229297A3002FAB20 /* Main.storyboard */; };
		600143B0229297A4002FAB20 /* Assets.xcassets in Resources */ = {isa = PBXBuildFile; fileRef = 600143AF229297A4002FAB20 /* Assets.xcassets */; };
		600143B3229297A4002FAB20 /* LaunchScreen.storyboard in Resources */ = {isa = PBXBuildFile; fileRef = 600143B1229297A4002FAB20 /* LaunchScreen.storyboard */; };
		600143B6229297A4002FAB20 /* main.m in Sources */ = {isa = PBXBuildFile; fileRef = 600143B5229297A4002FAB20 /* main.m */; };
		600143BE229297CD002FAB20 /* HMView.m in Sources */ = {isa = PBXBuildFile; fileRef = 600143BD229297CD002FAB20 /* HMView.m */; };
/* End PBXBuildFile section */

/* Begin PBXFileReference section */
		600143A3229297A3002FAB20 /* GestureUnlock7.app */ = {isa = PBXFileReference; explicitFileType = wrapper.application; includeInIndex = 0; path = GestureUnlock7.app; sourceTree = BUILT_PRODUCTS_DIR; };
		600143A6229297A3002FAB20 /* AppDelegate.h */ = {isa = PBXFileReference; lastKnownFileType = sourcecode.c.h; path = AppDelegate.h; sourceTree = "<group>"; };
		600143A7229297A3002FAB20 /* AppDelegate.m */ = {isa = PBXFileReference; lastKnownFileType = sourcecode.c.objc; path = AppDelegate.m; sourceTree = "<group>"; };
		600143A9229297A3002FAB20 /* ViewController.h */ = {isa = PBXFileReference; lastKnownFileType = sourcecode.c.h; path = ViewController.h; sourceTree = "<group>"; };
		600143AA229297A3002FAB20 /* ViewController.m */ = {isa = PBXFileReference; lastKnownFileType = sourcecode.c.objc; path = ViewController.m; sourceTree = "<group>"; };
		600143AD229297A3002FAB20 /* Base */ = {isa = PBXFileReference; lastKnownFileType = file.storyboard; name = Base; path = Base.lproj/Main.storyboard; sourceTree = "<group>"; };
		600143AF229297A4002FAB20 /* Assets.xcassets */ = {isa = PBXFileReference; lastKnownFileType = folder.assetcatalog; path = Assets.xcassets; sourceTree = "<group>"; };
		600143B2229297A4002FAB20 /* Base */ = {isa = PBXFileReference; lastKnownFileType = file.storyboard; name = Base; path = Base.lproj/LaunchScreen.storyboard; sourceTree = "<group>"; };
		600143B4229297A4002FAB20 /* Info.plist */ = {isa = PBXFileReference; lastKnownFileType = text.plist.xml; path = Info.plist; sourceTree = "<group>"; };
		600143B5229297A4002FAB20 /* main.m */ = {isa = PBXFileReference; lastKnownFileType = sourcecode.c.objc; path = main.m; sourceTree = "<group>"; };
		600143BC229297CD002FAB20 /* HMView.h */ = {isa = PBXFileReference; lastKnownFileType = sourcecode.c.h; path = HMView.h; sourceTree = "<group>"; };
		600143BD229297CD002FAB20 /* HMView.m */ = {isa = PBXFileReference; lastKnownFileType = sourcecode.c.objc; path = HMView.m; sourceTree = "<group>"; };
/* End PBXFileReference section */

/* Begin PBXFrameworksBuildPhase section */
		600143A0229297A3002FAB20 /* Frameworks */ = {
			isa = PBXFrameworksBuildPhase;
			buildActionMask = 2147483647;
			files = (
			);
			runOnlyForDeploymentPostprocessing = 0;
		};
/* End PBXFrameworksBuildPhase section */

/* Begin PBXGroup section */
		6001439A229297A3002FAB20 = {
			isa = PBXGroup;
			children = (
				600143A5229297A3002FAB20 /* GestureUnlock7 */,
				600143A4229297A3002FAB20 /* Products */,
			);
			sourceTree = "<group>";
		};
		600143A4229297A3002FAB20 /* Products */ = {
			isa = PBXGroup;
			children = (
				600143A3229297A3002FAB20 /* GestureUnlock7.app */,
			);
			name = Products;
			sourceTree = "<group>";
		};
		600143A5229297A3002FAB20 /* GestureUnlock7 */ = {
			isa = PBXGroup;
			children = (
				600143A6229297A3002FAB20 /* AppDelegate.h */,
				600143A7229297A3002FAB20 /* AppDelegate.m */,
				600143A9229297A3002FAB20 /* ViewController.h */,
				600143AA229297A3002FAB20 /* ViewController.m */,
				600143BC229297CD002FAB20 /* HMView.h */,
				600143BD229297CD002FAB20 /* HMView.m */,
				600143AC229297A3002FAB20 /* Main.storyboard */,
				600143AF229297A4002FAB20 /* Assets.xcassets */,
				600143B1229297A4002FAB20 /* LaunchScreen.storyboard */,
				600143B4229297A4002FAB20 /* Info.plist */,
				600143B5229297A4002FAB20 /* main.m */,
			);
			path = GestureUnlock7;
			sourceTree = "<group>";
		};
/* End PBXGroup section */

/* Begin PBXNativeTarget section */
		600143A2229297A3002FAB20 /* GestureUnlock7 */ = {
			isa = PBXNativeTarget;
			buildConfigurationList = 600143B9229297A4002FAB20 /* Build configuration list for PBXNativeTarget "GestureUnlock7" */;
			buildPhases = (
				6001439F229297A3002FAB20 /* Sources */,
				600143A0229297A3002FAB20 /* Frameworks */,
				600143A1229297A3002FAB20 /* Resources */,
			);
			buildRules = (
			);
			dependencies = (
			);
			name = GestureUnlock7;
			productName = GestureUnlock7;
			productReference = 600143A3229297A3002FAB20 /* GestureUnlock7.app */;
			productType = "com.apple.product-type.application";
		};
/* End PBXNativeTarget section */

/* Begin PBXProject section */
		6001439B229297A3002FAB20 /* Project object */ = {
			isa = PBXProject;
			attributes = {
				LastUpgradeCheck = 1020;
				ORGANIZATIONNAME = QinTuanye;
				TargetAttributes = {
					600143A2229297A3002FAB20 = {
						CreatedOnToolsVersion = 10.2.1;
					};
				};
			};
			buildConfigurationList = 6001439E229297A3002FAB20 /* Build configuration list for PBXProject "GestureUnlock7" */;
			compatibilityVersion = "Xcode 9.3";
			developmentRegion = en;
			hasScannedForEncodings = 0;
			knownRegions = (
				en,
				Base,
			);
			mainGroup = 6001439A229297A3002FAB20;
			productRefGroup = 600143A4229297A3002FAB20 /* Products */;
			projectDirPath = "";
			projectRoot = "";
			targets = (
				600143A2229297A3002FAB20 /* GestureUnlock7 */,
			);
		};
/* End PBXProject section */

/* Begin PBXResourcesBuildPhase section */
		600143A1229297A3002FAB20 /* Resources */ = {
			isa = PBXResourcesBuildPhase;
			buildActionMask = 2147483647;
			files = (
				600143B3229297A4002FAB20 /* LaunchScreen.storyboard in Resources */,
				600143B0229297A4002FAB20 /* Assets.xcassets in Resources */,
				600143AE229297A3002FAB20 /* Main.storyboard in Resources */,
			);
			runOnlyForDeploymentPostprocessing = 0;
		};
/* End PBXResourcesBuildPhase section */

/* Begin PBXSourcesBuildPhase section */
		6001439F229297A3002FAB20 /* Sources */ = {
			isa = PBXSourcesBuildPhase;
			buildActionMask = 2147483647;
			files = (
				600143AB229297A3002FAB20 /* ViewController.m in Sources */,
				600143B6229297A4002FAB20 /* main.m in Sources */,
				600143A8229297A3002FAB20 /* AppDelegate.m in Sources */,
				600143BE229297CD002FAB20 /* HMView.m in Sources */,
			);
			runOnlyForDeploymentPostprocessing = 0;
		};
/* End PBXSourcesBuildPhase section */

/* Begin PBXVariantGroup section */
		600143AC229297A3002FAB20 /* Main.storyboard */ = {
			isa = PBXVariantGroup;
			children = (
				600143AD229297A3002FAB20 /* Base */,
			);
			name = Main.storyboard;
			sourceTree = "<group>";
		};
		600143B1229297A4002FAB20 /* LaunchScreen.storyboard */ = {
			isa = PBXVariantGroup;
			children = (
				600143B2229297A4002FAB20 /* Base */,
			);
			name = LaunchScreen.storyboard;
			sourceTree = "<group>";
		};
/* End PBXVariantGroup section */

/* Begin XCBuildConfiguration section */
		600143B7229297A4002FAB20 /* Debug */ = {
			isa = XCBuildConfiguration;
			buildSettings = {
				ALWAYS_SEARCH_USER_PATHS = NO;
				CLANG_ANALYZER_NONNULL = YES;
				CLANG_ANALYZER_NUMBER_OBJECT_CONVERSION = YES_AGGRESSIVE;
				CLANG_CXX_LANGUAGE_STANDARD = "gnu++14";
				CLANG_CXX_LIBRARY = "libc++";
				CLANG_ENABLE_MODULES = YES;
				CLANG_ENABLE_OBJC_ARC = YES;
				CLANG_ENABLE_OBJC_WEAK = YES;
				CLANG_WARN_BLOCK_CAPTURE_AUTORELEASING = YES;
				CLANG_WARN_BOOL_CONVERSION = YES;
				CLANG_WARN_COMMA = YES;
				CLANG_WARN_CONSTANT_CONVERSION = YES;
				CLANG_WARN_DEPRECATED_OBJC_IMPLEMENTATIONS = YES;
				CLANG_WARN_DIRECT_OBJC_ISA_USAGE = YES_ERROR;
				CLANG_WARN_DOCUMENTATION_COMMENTS = YES;
				CLANG_WARN_EMPTY_BODY = YES;
				CLANG_WARN_ENUM_CONVERSION = YES;
				CLANG_WARN_INFINITE_RECURSION = YES;
				CLANG_WARN_INT_CONVERSION = YES;
				CLANG_WARN_NON_LITERAL_NULL_CONVERSION = YES;
				CLANG_WARN_OBJC_IMPLICIT_RETAIN_SELF = YES;
				CLANG_WARN_OBJC_LITERAL_CONVERSION = YES;
				CLANG_WARN_OBJC_ROOT_CLASS = YES_ERROR;
				CLANG_WARN_RANGE_LOOP_ANALYSIS = YES;
				CLANG_WARN_STRICT_PROTOTYPES = YES;
				CLANG_WARN_SUSPICIOUS_MOVE = YES;
				CLANG_WARN_UNGUARDED_AVAILABILITY = YES_AGGRESSIVE;
				CLANG_WARN_UNREACHABLE_CODE = YES;
				CLANG_WARN__DUPLICATE_METHOD_MATCH = YES;
				CODE_SIGN_IDENTITY = "iPhone Developer";
				COPY_PHASE_STRIP = NO;
				DEBUG_INFORMATION_FORMAT = dwarf;
				ENABLE_STRICT_OBJC_MSGSEND = YES;
				ENABLE_TESTABILITY = YES;
				GCC_C_LANGUAGE_STANDARD = gnu11;
				GCC_DYNAMIC_NO_PIC = NO;
				GCC_NO_COMMON_BLOCKS = YES;
				GCC_OPTIMIZATION_LEVEL = 0;
				GCC_PREPROCESSOR_DEFINITIONS = (
					"DEBUG=1",
					"$(inherited)",
				);
				GCC_WARN_64_TO_32_BIT_CONVERSION = YES;
				GCC_WARN_ABOUT_RETURN_TYPE = YES_ERROR;
				GCC_WARN_UNDECLARED_SELECTOR = YES;
				GCC_WARN_UNINITIALIZED_AUTOS = YES_AGGRESSIVE;
				GCC_WARN_UNUSED_FUNCTION = YES;
				GCC_WARN_UNUSED_VARIABLE = YES;
				IPHONEOS_DEPLOYMENT_TARGET = 12.2;
				MTL_ENABLE_DEBUG_INFO = INCLUDE_SOURCE;
				MTL_FAST_MATH = YES;
				ONLY_ACTIVE_ARCH = YES;
				SDKROOT = iphoneos;
			};
			name = Debug;
		};
		600143B8229297A4002FAB20 /* Release */ = {
			isa = XCBuildConfiguration;
			buildSettings = {
				ALWAYS_SEARCH_USER_PATHS = NO;
				CLANG_ANALYZER_NONNULL = YES;
				CLANG_ANALYZER_NUMBER_OBJECT_CONVERSION = YES_AGGRESSIVE;
				CLANG_CXX_LANGUAGE_STANDARD = "gnu++14";
				CLANG_CXX_LIBRARY = "libc++";
				CLANG_ENABLE_MODULES = YES;
				CLANG_ENABLE_OBJC_ARC = YES;
				CLANG_ENABLE_OBJC_WEAK = YES;
				CLANG_WARN_BLOCK_CAPTURE_AUTORELEASING = YES;
				CLANG_WARN_BOOL_CONVERSION = YES;
				CLANG_WARN_COMMA = YES;
				CLANG_WARN_CONSTANT_CONVERSION = YES;
				CLANG_WARN_DEPRECATED_OBJC_IMPLEMENTATIONS = YES;
				CLANG_WARN_DIRECT_OBJC_ISA_USAGE = YES_ERROR;
				CLANG_WARN_DOCUMENTATION_COMMENTS = YES;
				CLANG_WARN_EMPTY_BODY = YES;
				CLANG_WARN_ENUM_CONVERSION = YES;
				CLANG_WARN_INFINITE_RECURSION = YES;
				CLANG_WARN_INT_CONVERSION = YES;
				CLANG_WARN_NON_LITERAL_NULL_CONVERSION = YES;
				CLANG_WARN_OBJC_IMPLICIT_RETAIN_SELF = YES;
				CLANG_WARN_OBJC_LITERAL_CONVERSION = YES;
				CLANG_WARN_OBJC_ROOT_CLASS = YES_ERROR;
				CLANG_WARN_RANGE_LOOP_ANALYSIS = YES;
				CLANG_WARN_STRICT_PROTOTYPES = YES;
				CLANG_WARN_SUSPICIOUS_MOVE = YES;
				CLANG_WARN_UNGUARDED_AVAILABILITY = YES_AGGRESSIVE;
				CLANG_WARN_UNREACHABLE_CODE = YES;
				CLANG_WARN__DUPLICATE_METHOD_MATCH = YES;
				CODE_SIGN_IDENTITY = "iPhone Developer";
				COPY_PHASE_STRIP = NO;
				DEBUG_INFORMATION_FORMAT = "dwarf-with-dsym";
				ENABLE_NS_ASSERTIONS = NO;
				ENABLE_STRICT_OBJC_MSGSEND = YES;
				GCC_C_LANGUAGE_STANDARD = gnu11;
				GCC_NO_COMMON_BLOCKS = YES;
				GCC_WARN_64_TO_32_BIT_CONVERSION = YES;
				GCC_WARN_ABOUT_RETURN_TYPE = YES_ERROR;
				GCC_WARN_UNDECLARED_SELECTOR = YES;
				GCC_WARN_UNINITIALIZED_AUTOS = YES_AGGRESSIVE;
				GCC_WARN_UNUSED_FUNCTION = YES;
				GCC_WARN_UNUSED_VARIABLE = YES;
				IPHONEOS_DEPLOYMENT_TARGET = 12.2;
				MTL_ENABLE_DEBUG_INFO = NO;
				MTL_FAST_MATH = YES;
				SDKROOT = iphoneos;
				VALIDATE_PRODUCT = YES;
			};
			name = Release;
		};
		600143BA229297A4002FAB20 /* Debug */ = {
			isa = XCBuildConfiguration;
			buildSettings = {
				ASSETCATALOG_COMPILER_APPICON_NAME = AppIcon;
				CODE_SIGN_STYLE = Automatic;
				DEVELOPMENT_TEAM = "";
				INFOPLIST_FILE = GestureUnlock7/Info.plist;
				LD_RUNPATH_SEARCH_PATHS = (
					"$(inherited)",
					"@executable_path/Frameworks",
				);
				PRODUCT_BUNDLE_IDENTIFIER = com.qty.GestureUnlock7;
				PRODUCT_NAME = "$(TARGET_NAME)";
				TARGETED_DEVICE_FAMILY = "1,2";
			};
			name = Debug;
		};
		600143BB229297A4002FAB20 /* Release */ = {
			isa = XCBuildConfiguration;
			buildSettings = {
				ASSETCATALOG_COMPILER_APPICON_NAME = AppIcon;
				CODE_SIGN_STYLE = Automatic;
				DEVELOPMENT_TEAM = "";
				INFOPLIST_FILE = GestureUnlock7/Info.plist;
				LD_RUNPATH_SEARCH_PATHS = (
					"$(inherited)",
					"@executable_path/Frameworks",
				);
				PRODUCT_BUNDLE_IDENTIFIER = com.qty.GestureUnlock7;
				PRODUCT_NAME = "$(TARGET_NAME)";
				TARGETED_DEVICE_FAMILY = "1,2";
			};
			name = Release;
		};
/* End XCBuildConfiguration section */

/* Begin XCConfigurationList section */
		6001439E229297A3002FAB20 /* Build configuration list for PBXProject "GestureUnlock7" */ = {
			isa = XCConfigurationList;
			buildConfigurations = (
				600143B7229297A4002FAB20 /* Debug */,
				600143B8229297A4002FAB20 /* Release */,
			);
			defaultConfigurationIsVisible = 0;
			defaultConfigurationName = Release;
		};
		600143B9229297A4002FAB20 /* Build configuration list for PBXNativeTarget "GestureUnlock7" */ = {
			isa = XCConfigurationList;
			buildConfigurations = (
				600143BA229297A4002FAB20 /* Debug */,
				600143BB229297A4002FAB20 /* Release */,
			);
			defaultConfigurationIsVisible = 0;
			defaultConfigurationName = Release;
		};
/* End XCConfigurationList section */
	};
	rootObject = 6001439B229297A3002FAB20 /* Project object */;
}
