// !$*UTF8*$!
{
	archiveVersion = 1;
	classes = {
	};
	objectVersion = 50;
	objects = {

/* Begin PBXBuildFile section */
		60014339229294A6002FAB20 /* AppDelegate.m in Sources */ = {isa = PBXBuildFile; fileRef = 60014338229294A6002FAB20 /* AppDelegate.m */; };
		6001433C229294A6002FAB20 /* ViewController.m in Sources */ = {isa = PBXBuildFile; fileRef = 6001433B229294A6002FAB20 /* ViewController.m */; };
		6001433F229294A6002FAB20 /* Main.storyboard in Resources */ = {isa = PBXBuildFile; fileRef = 6001433D229294A6002FAB20 /* Main.storyboard */; };
		60014341229294A7002FAB20 /* Assets.xcassets in Resources */ = {isa = PBXBuildFile; fileRef = 60014340229294A7002FAB20 /* Assets.xcassets */; };
		60014344229294A7002FAB20 /* LaunchScreen.storyboard in Resources */ = {isa = PBXBuildFile; fileRef = 60014342229294A7002FAB20 /* LaunchScreen.storyboard */; };
		60014347229294A7002FAB20 /* main.m in Sources */ = {isa = PBXBuildFile; fileRef = 60014346229294A7002FAB20 /* main.m */; };
		6001434F229294DC002FAB20 /* HMView.m in Sources */ = {isa = PBXBuildFile; fileRef = 6001434D229294DC002FAB20 /* HMView.m */; };
/* End PBXBuildFile section */

/* Begin PBXFileReference section */
		60014334229294A6002FAB20 /* GestureUnlock4.app */ = {isa = PBXFileReference; explicitFileType = wrapper.application; includeInIndex = 0; path = GestureUnlock4.app; sourceTree = BUILT_PRODUCTS_DIR; };
		60014337229294A6002FAB20 /* AppDelegate.h */ = {isa = PBXFileReference; lastKnownFileType = sourcecode.c.h; path = AppDelegate.h; sourceTree = "<group>"; };
		60014338229294A6002FAB20 /* AppDelegate.m */ = {isa = PBXFileReference; lastKnownFileType = sourcecode.c.objc; path = AppDelegate.m; sourceTree = "<group>"; };
		6001433A229294A6002FAB20 /* ViewController.h */ = {isa = PBXFileReference; lastKnownFileType = sourcecode.c.h; path = ViewController.h; sourceTree = "<group>"; };
		6001433B229294A6002FAB20 /* ViewController.m */ = {isa = PBXFileReference; lastKnownFileType = sourcecode.c.objc; path = ViewController.m; sourceTree = "<group>"; };
		6001433E229294A6002FAB20 /* Base */ = {isa = PBXFileReference; lastKnownFileType = file.storyboard; name = Base; path = Base.lproj/Main.storyboard; sourceTree = "<group>"; };
		60014340229294A7002FAB20 /* Assets.xcassets */ = {isa = PBXFileReference; lastKnownFileType = folder.assetcatalog; path = Assets.xcassets; sourceTree = "<group>"; };
		60014343229294A7002FAB20 /* Base */ = {isa = PBXFileReference; lastKnownFileType = file.storyboard; name = Base; path = Base.lproj/LaunchScreen.storyboard; sourceTree = "<group>"; };
		60014345229294A7002FAB20 /* Info.plist */ = {isa = PBXFileReference; lastKnownFileType = text.plist.xml; path = Info.plist; sourceTree = "<group>"; };
		60014346229294A7002FAB20 /* main.m */ = {isa = PBXFileReference; lastKnownFileType = sourcecode.c.objc; path = main.m; sourceTree = "<group>"; };
		6001434D229294DC002FAB20 /* HMView.m */ = {isa = PBXFileReference; lastKnownFileType = sourcecode.c.objc; path = HMView.m; sourceTree = "<group>"; };
		6001434E229294DC002FAB20 /* HMView.h */ = {isa = PBXFileReference; lastKnownFileType = sourcecode.c.h; path = HMView.h; sourceTree = "<group>"; };
/* End PBXFileReference section */

/* Begin PBXFrameworksBuildPhase section */
		60014331229294A6002FAB20 /* Frameworks */ = {
			isa = PBXFrameworksBuildPhase;
			buildActionMask = 2147483647;
			files = (
			);
			runOnlyForDeploymentPostprocessing = 0;
		};
/* End PBXFrameworksBuildPhase section */

/* Begin PBXGroup section */
		6001432B229294A6002FAB20 = {
			isa = PBXGroup;
			children = (
				60014336229294A6002FAB20 /* GestureUnlock4 */,
				60014335229294A6002FAB20 /* Products */,
			);
			sourceTree = "<group>";
		};
		60014335229294A6002FAB20 /* Products */ = {
			isa = PBXGroup;
			children = (
				60014334229294A6002FAB20 /* GestureUnlock4.app */,
			);
			name = Products;
			sourceTree = "<group>";
		};
		60014336229294A6002FAB20 /* GestureUnlock4 */ = {
			isa = PBXGroup;
			children = (
				60014337229294A6002FAB20 /* AppDelegate.h */,
				60014338229294A6002FAB20 /* AppDelegate.m */,
				6001433A229294A6002FAB20 /* ViewController.h */,
				6001433B229294A6002FAB20 /* ViewController.m */,
				6001434E229294DC002FAB20 /* HMView.h */,
				6001434D229294DC002FAB20 /* HMView.m */,
				6001433D229294A6002FAB20 /* Main.storyboard */,
				60014340229294A7002FAB20 /* Assets.xcassets */,
				60014342229294A7002FAB20 /* LaunchScreen.storyboard */,
				60014345229294A7002FAB20 /* Info.plist */,
				60014346229294A7002FAB20 /* main.m */,
			);
			path = GestureUnlock4;
			sourceTree = "<group>";
		};
/* End PBXGroup section */

/* Begin PBXNativeTarget section */
		60014333229294A6002FAB20 /* GestureUnlock4 */ = {
			isa = PBXNativeTarget;
			buildConfigurationList = 6001434A229294A7002FAB20 /* Build configuration list for PBXNativeTarget "GestureUnlock4" */;
			buildPhases = (
				60014330229294A6002FAB20 /* Sources */,
				60014331229294A6002FAB20 /* Frameworks */,
				60014332229294A6002FAB20 /* Resources */,
			);
			buildRules = (
			);
			dependencies = (
			);
			name = GestureUnlock4;
			productName = GestureUnlock4;
			productReference = 60014334229294A6002FAB20 /* GestureUnlock4.app */;
			productType = "com.apple.product-type.application";
		};
/* End PBXNativeTarget section */

/* Begin PBXProject section */
		6001432C229294A6002FAB20 /* Project object */ = {
			isa = PBXProject;
			attributes = {
				LastUpgradeCheck = 1020;
				ORGANIZATIONNAME = QinTuanye;
				TargetAttributes = {
					60014333229294A6002FAB20 = {
						CreatedOnToolsVersion = 10.2.1;
					};
				};
			};
			buildConfigurationList = 6001432F229294A6002FAB20 /* Build configuration list for PBXProject "GestureUnlock4" */;
			compatibilityVersion = "Xcode 9.3";
			developmentRegion = en;
			hasScannedForEncodings = 0;
			knownRegions = (
				en,
				Base,
			);
			mainGroup = 6001432B229294A6002FAB20;
			productRefGroup = 60014335229294A6002FAB20 /* Products */;
			projectDirPath = "";
			projectRoot = "";
			targets = (
				60014333229294A6002FAB20 /* GestureUnlock4 */,
			);
		};
/* End PBXProject section */

/* Begin PBXResourcesBuildPhase section */
		60014332229294A6002FAB20 /* Resources */ = {
			isa = PBXResourcesBuildPhase;
			buildActionMask = 2147483647;
			files = (
				60014344229294A7002FAB20 /* LaunchScreen.storyboard in Resources */,
				60014341229294A7002FAB20 /* Assets.xcassets in Resources */,
				6001433F229294A6002FAB20 /* Main.storyboard in Resources */,
			);
			runOnlyForDeploymentPostprocessing = 0;
		};
/* End PBXResourcesBuildPhase section */

/* Begin PBXSourcesBuildPhase section */
		60014330229294A6002FAB20 /* Sources */ = {
			isa = PBXSourcesBuildPhase;
			buildActionMask = 2147483647;
			files = (
				6001433C229294A6002FAB20 /* ViewController.m in Sources */,
				60014347229294A7002FAB20 /* main.m in Sources */,
				60014339229294A6002FAB20 /* AppDelegate.m in Sources */,
				6001434F229294DC002FAB20 /* HMView.m in Sources */,
			);
			runOnlyForDeploymentPostprocessing = 0;
		};
/* End PBXSourcesBuildPhase section */

/* Begin PBXVariantGroup section */
		6001433D229294A6002FAB20 /* Main.storyboard */ = {
			isa = PBXVariantGroup;
			children = (
				6001433E229294A6002FAB20 /* Base */,
			);
			name = Main.storyboard;
			sourceTree = "<group>";
		};
		60014342229294A7002FAB20 /* LaunchScreen.storyboard */ = {
			isa = PBXVariantGroup;
			children = (
				60014343229294A7002FAB20 /* Base */,
			);
			name = LaunchScreen.storyboard;
			sourceTree = "<group>";
		};
/* End PBXVariantGroup section */

/* Begin XCBuildConfiguration section */
		60014348229294A7002FAB20 /* Debug */ = {
			isa = XCBuildConfiguration;
			buildSettings = {
				ALWAYS_SEARCH_USER_PATHS = NO;
				CLANG_ANALYZER_NONNULL = YES;
				CLANG_ANALYZER_NUMBER_OBJECT_CONVERSION = YES_AGGRESSIVE;
				CLANG_CXX_LANGUAGE_STANDARD = "gnu++14";
				CLANG_CXX_LIBRARY = "libc++";
				CLANG_ENABLE_MODULES = YES;
				CLANG_ENABLE_OBJC_ARC = YES;
				CLANG_ENABLE_OBJC_WEAK = YES;
				CLANG_WARN_BLOCK_CAPTURE_AUTORELEASING = YES;
				CLANG_WARN_BOOL_CONVERSION = YES;
				CLANG_WARN_COMMA = YES;
				CLANG_WARN_CONSTANT_CONVERSION = YES;
				CLANG_WARN_DEPRECATED_OBJC_IMPLEMENTATIONS = YES;
				CLANG_WARN_DIRECT_OBJC_ISA_USAGE = YES_ERROR;
				CLANG_WARN_DOCUMENTATION_COMMENTS = YES;
				CLANG_WARN_EMPTY_BODY = YES;
				CLANG_WARN_ENUM_CONVERSION = YES;
				CLANG_WARN_INFINITE_RECURSION = YES;
				CLANG_WARN_INT_CONVERSION = YES;
				CLANG_WARN_NON_LITERAL_NULL_CONVERSION = YES;
				CLANG_WARN_OBJC_IMPLICIT_RETAIN_SELF = YES;
				CLANG_WARN_OBJC_LITERAL_CONVERSION = YES;
				CLANG_WARN_OBJC_ROOT_CLASS = YES_ERROR;
				CLANG_WARN_RANGE_LOOP_ANALYSIS = YES;
				CLANG_WARN_STRICT_PROTOTYPES = YES;
				CLANG_WARN_SUSPICIOUS_MOVE = YES;
				CLANG_WARN_UNGUARDED_AVAILABILITY = YES_AGGRESSIVE;
				CLANG_WARN_UNREACHABLE_CODE = YES;
				CLANG_WARN__DUPLICATE_METHOD_MATCH = YES;
				CODE_SIGN_IDENTITY = "iPhone Developer";
				COPY_PHASE_STRIP = NO;
				DEBUG_INFORMATION_FORMAT = dwarf;
				ENABLE_STRICT_OBJC_MSGSEND = YES;
				ENABLE_TESTABILITY = YES;
				GCC_C_LANGUAGE_STANDARD = gnu11;
				GCC_DYNAMIC_NO_PIC = NO;
				GCC_NO_COMMON_BLOCKS = YES;
				GCC_OPTIMIZATION_LEVEL = 0;
				GCC_PREPROCESSOR_DEFINITIONS = (
					"DEBUG=1",
					"$(inherited)",
				);
				GCC_WARN_64_TO_32_BIT_CONVERSION = YES;
				GCC_WARN_ABOUT_RETURN_TYPE = YES_ERROR;
				GCC_WARN_UNDECLARED_SELECTOR = YES;
				GCC_WARN_UNINITIALIZED_AUTOS = YES_AGGRESSIVE;
				GCC_WARN_UNUSED_FUNCTION = YES;
				GCC_WARN_UNUSED_VARIABLE = YES;
				IPHONEOS_DEPLOYMENT_TARGET = 12.2;
				MTL_ENABLE_DEBUG_INFO = INCLUDE_SOURCE;
				MTL_FAST_MATH = YES;
				ONLY_ACTIVE_ARCH = YES;
				SDKROOT = iphoneos;
			};
			name = Debug;
		};
		60014349229294A7002FAB20 /* Release */ = {
			isa = XCBuildConfiguration;
			buildSettings = {
				ALWAYS_SEARCH_USER_PATHS = NO;
				CLANG_ANALYZER_NONNULL = YES;
				CLANG_ANALYZER_NUMBER_OBJECT_CONVERSION = YES_AGGRESSIVE;
				CLANG_CXX_LANGUAGE_STANDARD = "gnu++14";
				CLANG_CXX_LIBRARY = "libc++";
				CLANG_ENABLE_MODULES = YES;
				CLANG_ENABLE_OBJC_ARC = YES;
				CLANG_ENABLE_OBJC_WEAK = YES;
				CLANG_WARN_BLOCK_CAPTURE_AUTORELEASING = YES;
				CLANG_WARN_BOOL_CONVERSION = YES;
				CLANG_WARN_COMMA = YES;
				CLANG_WARN_CONSTANT_CONVERSION = YES;
				CLANG_WARN_DEPRECATED_OBJC_IMPLEMENTATIONS = YES;
				CLANG_WARN_DIRECT_OBJC_ISA_USAGE = YES_ERROR;
				CLANG_WARN_DOCUMENTATION_COMMENTS = YES;
				CLANG_WARN_EMPTY_BODY = YES;
				CLANG_WARN_ENUM_CONVERSION = YES;
				CLANG_WARN_INFINITE_RECURSION = YES;
				CLANG_WARN_INT_CONVERSION = YES;
				CLANG_WARN_NON_LITERAL_NULL_CONVERSION = YES;
				CLANG_WARN_OBJC_IMPLICIT_RETAIN_SELF = YES;
				CLANG_WARN_OBJC_LITERAL_CONVERSION = YES;
				CLANG_WARN_OBJC_ROOT_CLASS = YES_ERROR;
				CLANG_WARN_RANGE_LOOP_ANALYSIS = YES;
				CLANG_WARN_STRICT_PROTOTYPES = YES;
				CLANG_WARN_SUSPICIOUS_MOVE = YES;
				CLANG_WARN_UNGUARDED_AVAILABILITY = YES_AGGRESSIVE;
				CLANG_WARN_UNREACHABLE_CODE = YES;
				CLANG_WARN__DUPLICATE_METHOD_MATCH = YES;
				CODE_SIGN_IDENTITY = "iPhone Developer";
				COPY_PHASE_STRIP = NO;
				DEBUG_INFORMATION_FORMAT = "dwarf-with-dsym";
				ENABLE_NS_ASSERTIONS = NO;
				ENABLE_STRICT_OBJC_MSGSEND = YES;
				GCC_C_LANGUAGE_STANDARD = gnu11;
				GCC_NO_COMMON_BLOCKS = YES;
				GCC_WARN_64_TO_32_BIT_CONVERSION = YES;
				GCC_WARN_ABOUT_RETURN_TYPE = YES_ERROR;
				GCC_WARN_UNDECLARED_SELECTOR = YES;
				GCC_WARN_UNINITIALIZED_AUTOS = YES_AGGRESSIVE;
				GCC_WARN_UNUSED_FUNCTION = YES;
				GCC_WARN_UNUSED_VARIABLE = YES;
				IPHONEOS_DEPLOYMENT_TARGET = 12.2;
				MTL_ENABLE_DEBUG_INFO = NO;
				MTL_FAST_MATH = YES;
				SDKROOT = iphoneos;
				VALIDATE_PRODUCT = YES;
			};
			name = Release;
		};
		6001434B229294A7002FAB20 /* Debug */ = {
			isa = XCBuildConfiguration;
			buildSettings = {
				ASSETCATALOG_COMPILER_APPICON_NAME = AppIcon;
				CODE_SIGN_STYLE = Automatic;
				DEVELOPMENT_TEAM = "";
				INFOPLIST_FILE = GestureUnlock4/Info.plist;
				LD_RUNPATH_SEARCH_PATHS = (
					"$(inherited)",
					"@executable_path/Frameworks",
				);
				PRODUCT_BUNDLE_IDENTIFIER = com.qty.GestureUnlock4;
				PRODUCT_NAME = "$(TARGET_NAME)";
				TARGETED_DEVICE_FAMILY = "1,2";
			};
			name = Debug;
		};
		6001434C229294A7002FAB20 /* Release */ = {
			isa = XCBuildConfiguration;
			buildSettings = {
				ASSETCATALOG_COMPILER_APPICON_NAME = AppIcon;
				CODE_SIGN_STYLE = Automatic;
				DEVELOPMENT_TEAM = "";
				INFOPLIST_FILE = GestureUnlock4/Info.plist;
				LD_RUNPATH_SEARCH_PATHS = (
					"$(inherited)",
					"@executable_path/Frameworks",
				);
				PRODUCT_BUNDLE_IDENTIFIER = com.qty.GestureUnlock4;
				PRODUCT_NAME = "$(TARGET_NAME)";
				TARGETED_DEVICE_FAMILY = "1,2";
			};
			name = Release;
		};
/* End XCBuildConfiguration section */

/* Begin XCConfigurationList section */
		6001432F229294A6002FAB20 /* Build configuration list for PBXProject "GestureUnlock4" */ = {
			isa = XCConfigurationList;
			buildConfigurations = (
				60014348229294A7002FAB20 /* Debug */,
				60014349229294A7002FAB20 /* Release */,
			);
			defaultConfigurationIsVisible = 0;
			defaultConfigurationName = Release;
		};
		6001434A229294A7002FAB20 /* Build configuration list for PBXNativeTarget "GestureUnlock4" */ = {
			isa = XCConfigurationList;
			buildConfigurations = (
				6001434B229294A7002FAB20 /* Debug */,
				6001434C229294A7002FAB20 /* Release */,
			);
			defaultConfigurationIsVisible = 0;
			defaultConfigurationName = Release;
		};
/* End XCConfigurationList section */
	};
	rootObject = 6001432C229294A6002FAB20 /* Project object */;
}
