// !$*UTF8*$!
{
	archiveVersion = 1;
	classes = {
	};
	objectVersion = 50;
	objects = {

/* Begin PBXBuildFile section */
		605FFEA8229CE9FB00226308 /* AppDelegate.m in Sources */ = {isa = PBXBuildFile; fileRef = 605FFEA7229CE9FB00226308 /* AppDelegate.m */; };
		605FFEAB229CE9FB00226308 /* LoginViewController.m in Sources */ = {isa = PBXBuildFile; fileRef = 605FFEAA229CE9FB00226308 /* LoginViewController.m */; };
		605FFEAE229CE9FB00226308 /* Main.storyboard in Resources */ = {isa = PBXBuildFile; fileRef = 605FFEAC229CE9FB00226308 /* Main.storyboard */; };
		605FFEB0229CE9FC00226308 /* Assets.xcassets in Resources */ = {isa = PBXBuildFile; fileRef = 605FFEAF229CE9FC00226308 /* Assets.xcassets */; };
		605FFEB3229CE9FC00226308 /* LaunchScreen.storyboard in Resources */ = {isa = PBXBuildFile; fileRef = 605FFEB1229CE9FC00226308 /* LaunchScreen.storyboard */; };
		605FFEB6229CE9FC00226308 /* main.m in Sources */ = {isa = PBXBuildFile; fileRef = 605FFEB5229CE9FC00226308 /* main.m */; };
		605FFEC2229CEA0E00226308 /* MBProgressHUD+Ex.m in Sources */ = {isa = PBXBuildFile; fileRef = 605FFEBD229CEA0E00226308 /* MBProgressHUD+Ex.m */; };
		605FFEC3229CEA0E00226308 /* MBProgressHUD.m in Sources */ = {isa = PBXBuildFile; fileRef = 605FFEBE229CEA0E00226308 /* MBProgressHUD.m */; };
		605FFEC4229CEA0E00226308 /* MBProgressHUD.bundle in Resources */ = {isa = PBXBuildFile; fileRef = 605FFEC1229CEA0E00226308 /* MBProgressHUD.bundle */; };
/* End PBXBuildFile section */

/* Begin PBXFileReference section */
		605FFEA3229CE9FB00226308 /* AddressBook4.app */ = {isa = PBXFileReference; explicitFileType = wrapper.application; includeInIndex = 0; path = AddressBook4.app; sourceTree = BUILT_PRODUCTS_DIR; };
		605FFEA6229CE9FB00226308 /* AppDelegate.h */ = {isa = PBXFileReference; lastKnownFileType = sourcecode.c.h; path = AppDelegate.h; sourceTree = "<group>"; };
		605FFEA7229CE9FB00226308 /* AppDelegate.m */ = {isa = PBXFileReference; lastKnownFileType = sourcecode.c.objc; path = AppDelegate.m; sourceTree = "<group>"; };
		605FFEA9229CE9FB00226308 /* LoginViewController.h */ = {isa = PBXFileReference; lastKnownFileType = sourcecode.c.h; path = LoginViewController.h; sourceTree = "<group>"; };
		605FFEAA229CE9FB00226308 /* LoginViewController.m */ = {isa = PBXFileReference; lastKnownFileType = sourcecode.c.objc; path = LoginViewController.m; sourceTree = "<group>"; };
		605FFEAD229CE9FB00226308 /* Base */ = {isa = PBXFileReference; lastKnownFileType = file.storyboard; name = Base; path = Base.lproj/Main.storyboard; sourceTree = "<group>"; };
		605FFEAF229CE9FC00226308 /* Assets.xcassets */ = {isa = PBXFileReference; lastKnownFileType = folder.assetcatalog; path = Assets.xcassets; sourceTree = "<group>"; };
		605FFEB2229CE9FC00226308 /* Base */ = {isa = PBXFileReference; lastKnownFileType = file.storyboard; name = Base; path = Base.lproj/LaunchScreen.storyboard; sourceTree = "<group>"; };
		605FFEB4229CE9FC00226308 /* Info.plist */ = {isa = PBXFileReference; lastKnownFileType = text.plist.xml; path = Info.plist; sourceTree = "<group>"; };
		605FFEB5229CE9FC00226308 /* main.m */ = {isa = PBXFileReference; lastKnownFileType = sourcecode.c.objc; path = main.m; sourceTree = "<group>"; };
		605FFEBD229CEA0E00226308 /* MBProgressHUD+Ex.m */ = {isa = PBXFileReference; fileEncoding = 4; lastKnownFileType = sourcecode.c.objc; path = "MBProgressHUD+Ex.m"; sourceTree = "<group>"; };
		605FFEBE229CEA0E00226308 /* MBProgressHUD.m */ = {isa = PBXFileReference; fileEncoding = 4; lastKnownFileType = sourcecode.c.objc; path = MBProgressHUD.m; sourceTree = "<group>"; };
		605FFEBF229CEA0E00226308 /* MBProgressHUD.h */ = {isa = PBXFileReference; fileEncoding = 4; lastKnownFileType = sourcecode.c.h; path = MBProgressHUD.h; sourceTree = "<group>"; };
		605FFEC0229CEA0E00226308 /* MBProgressHUD+Ex.h */ = {isa = PBXFileReference; fileEncoding = 4; lastKnownFileType = sourcecode.c.h; path = "MBProgressHUD+Ex.h"; sourceTree = "<group>"; };
		605FFEC1229CEA0E00226308 /* MBProgressHUD.bundle */ = {isa = PBXFileReference; lastKnownFileType = "wrapper.plug-in"; path = MBProgressHUD.bundle; sourceTree = "<group>"; };
/* End PBXFileReference section */

/* Begin PBXFrameworksBuildPhase section */
		605FFEA0229CE9FB00226308 /* Frameworks */ = {
			isa = PBXFrameworksBuildPhase;
			buildActionMask = 2147483647;
			files = (
			);
			runOnlyForDeploymentPostprocessing = 0;
		};
/* End PBXFrameworksBuildPhase section */

/* Begin PBXGroup section */
		605FFE9A229CE9FB00226308 = {
			isa = PBXGroup;
			children = (
				605FFEA5229CE9FB00226308 /* AddressBook4 */,
				605FFEA4229CE9FB00226308 /* Products */,
			);
			sourceTree = "<group>";
		};
		605FFEA4229CE9FB00226308 /* Products */ = {
			isa = PBXGroup;
			children = (
				605FFEA3229CE9FB00226308 /* AddressBook4.app */,
			);
			name = Products;
			sourceTree = "<group>";
		};
		605FFEA5229CE9FB00226308 /* AddressBook4 */ = {
			isa = PBXGroup;
			children = (
				605FFEBC229CEA0E00226308 /* MBProgressHUD */,
				605FFEA6229CE9FB00226308 /* AppDelegate.h */,
				605FFEA7229CE9FB00226308 /* AppDelegate.m */,
				605FFEA9229CE9FB00226308 /* LoginViewController.h */,
				605FFEAA229CE9FB00226308 /* LoginViewController.m */,
				605FFEAC229CE9FB00226308 /* Main.storyboard */,
				605FFEAF229CE9FC00226308 /* Assets.xcassets */,
				605FFEB1229CE9FC00226308 /* LaunchScreen.storyboard */,
				605FFEB4229CE9FC00226308 /* Info.plist */,
				605FFEB5229CE9FC00226308 /* main.m */,
			);
			path = AddressBook4;
			sourceTree = "<group>";
		};
		605FFEBC229CEA0E00226308 /* MBProgressHUD */ = {
			isa = PBXGroup;
			children = (
				605FFEBD229CEA0E00226308 /* MBProgressHUD+Ex.m */,
				605FFEBE229CEA0E00226308 /* MBProgressHUD.m */,
				605FFEBF229CEA0E00226308 /* MBProgressHUD.h */,
				605FFEC0229CEA0E00226308 /* MBProgressHUD+Ex.h */,
				605FFEC1229CEA0E00226308 /* MBProgressHUD.bundle */,
			);
			path = MBProgressHUD;
			sourceTree = "<group>";
		};
/* End PBXGroup section */

/* Begin PBXNativeTarget section */
		605FFEA2229CE9FB00226308 /* AddressBook4 */ = {
			isa = PBXNativeTarget;
			buildConfigurationList = 605FFEB9229CE9FC00226308 /* Build configuration list for PBXNativeTarget "AddressBook4" */;
			buildPhases = (
				605FFE9F229CE9FB00226308 /* Sources */,
				605FFEA0229CE9FB00226308 /* Frameworks */,
				605FFEA1229CE9FB00226308 /* Resources */,
			);
			buildRules = (
			);
			dependencies = (
			);
			name = AddressBook4;
			productName = AddressBook4;
			productReference = 605FFEA3229CE9FB00226308 /* AddressBook4.app */;
			productType = "com.apple.product-type.application";
		};
/* End PBXNativeTarget section */

/* Begin PBXProject section */
		605FFE9B229CE9FB00226308 /* Project object */ = {
			isa = PBXProject;
			attributes = {
				LastUpgradeCheck = 1020;
				ORGANIZATIONNAME = QinTuanye;
				TargetAttributes = {
					605FFEA2229CE9FB00226308 = {
						CreatedOnToolsVersion = 10.2.1;
					};
				};
			};
			buildConfigurationList = 605FFE9E229CE9FB00226308 /* Build configuration list for PBXProject "AddressBook4" */;
			compatibilityVersion = "Xcode 9.3";
			developmentRegion = en;
			hasScannedForEncodings = 0;
			knownRegions = (
				en,
				Base,
			);
			mainGroup = 605FFE9A229CE9FB00226308;
			productRefGroup = 605FFEA4229CE9FB00226308 /* Products */;
			projectDirPath = "";
			projectRoot = "";
			targets = (
				605FFEA2229CE9FB00226308 /* AddressBook4 */,
			);
		};
/* End PBXProject section */

/* Begin PBXResourcesBuildPhase section */
		605FFEA1229CE9FB00226308 /* Resources */ = {
			isa = PBXResourcesBuildPhase;
			buildActionMask = 2147483647;
			files = (
				605FFEB3229CE9FC00226308 /* LaunchScreen.storyboard in Resources */,
				605FFEC4229CEA0E00226308 /* MBProgressHUD.bundle in Resources */,
				605FFEB0229CE9FC00226308 /* Assets.xcassets in Resources */,
				605FFEAE229CE9FB00226308 /* Main.storyboard in Resources */,
			);
			runOnlyForDeploymentPostprocessing = 0;
		};
/* End PBXResourcesBuildPhase section */

/* Begin PBXSourcesBuildPhase section */
		605FFE9F229CE9FB00226308 /* Sources */ = {
			isa = PBXSourcesBuildPhase;
			buildActionMask = 2147483647;
			files = (
				605FFEAB229CE9FB00226308 /* LoginViewController.m in Sources */,
				605FFEB6229CE9FC00226308 /* main.m in Sources */,
				605FFEC3229CEA0E00226308 /* MBProgressHUD.m in Sources */,
				605FFEC2229CEA0E00226308 /* MBProgressHUD+Ex.m in Sources */,
				605FFEA8229CE9FB00226308 /* AppDelegate.m in Sources */,
			);
			runOnlyForDeploymentPostprocessing = 0;
		};
/* End PBXSourcesBuildPhase section */

/* Begin PBXVariantGroup section */
		605FFEAC229CE9FB00226308 /* Main.storyboard */ = {
			isa = PBXVariantGroup;
			children = (
				605FFEAD229CE9FB00226308 /* Base */,
			);
			name = Main.storyboard;
			sourceTree = "<group>";
		};
		605FFEB1229CE9FC00226308 /* LaunchScreen.storyboard */ = {
			isa = PBXVariantGroup;
			children = (
				605FFEB2229CE9FC00226308 /* Base */,
			);
			name = LaunchScreen.storyboard;
			sourceTree = "<group>";
		};
/* End PBXVariantGroup section */

/* Begin XCBuildConfiguration section */
		605FFEB7229CE9FC00226308 /* Debug */ = {
			isa = XCBuildConfiguration;
			buildSettings = {
				ALWAYS_SEARCH_USER_PATHS = NO;
				CLANG_ANALYZER_NONNULL = YES;
				CLANG_ANALYZER_NUMBER_OBJECT_CONVERSION = YES_AGGRESSIVE;
				CLANG_CXX_LANGUAGE_STANDARD = "gnu++14";
				CLANG_CXX_LIBRARY = "libc++";
				CLANG_ENABLE_MODULES = YES;
				CLANG_ENABLE_OBJC_ARC = YES;
				CLANG_ENABLE_OBJC_WEAK = YES;
				CLANG_WARN_BLOCK_CAPTURE_AUTORELEASING = YES;
				CLANG_WARN_BOOL_CONVERSION = YES;
				CLANG_WARN_COMMA = YES;
				CLANG_WARN_CONSTANT_CONVERSION = YES;
				CLANG_WARN_DEPRECATED_OBJC_IMPLEMENTATIONS = YES;
				CLANG_WARN_DIRECT_OBJC_ISA_USAGE = YES_ERROR;
				CLANG_WARN_DOCUMENTATION_COMMENTS = YES;
				CLANG_WARN_EMPTY_BODY = YES;
				CLANG_WARN_ENUM_CONVERSION = YES;
				CLANG_WARN_INFINITE_RECURSION = YES;
				CLANG_WARN_INT_CONVERSION = YES;
				CLANG_WARN_NON_LITERAL_NULL_CONVERSION = YES;
				CLANG_WARN_OBJC_IMPLICIT_RETAIN_SELF = YES;
				CLANG_WARN_OBJC_LITERAL_CONVERSION = YES;
				CLANG_WARN_OBJC_ROOT_CLASS = YES_ERROR;
				CLANG_WARN_RANGE_LOOP_ANALYSIS = YES;
				CLANG_WARN_STRICT_PROTOTYPES = YES;
				CLANG_WARN_SUSPICIOUS_MOVE = YES;
				CLANG_WARN_UNGUARDED_AVAILABILITY = YES_AGGRESSIVE;
				CLANG_WARN_UNREACHABLE_CODE = YES;
				CLANG_WARN__DUPLICATE_METHOD_MATCH = YES;
				CODE_SIGN_IDENTITY = "iPhone Developer";
				COPY_PHASE_STRIP = NO;
				DEBUG_INFORMATION_FORMAT = dwarf;
				ENABLE_STRICT_OBJC_MSGSEND = YES;
				ENABLE_TESTABILITY = YES;
				GCC_C_LANGUAGE_STANDARD = gnu11;
				GCC_DYNAMIC_NO_PIC = NO;
				GCC_NO_COMMON_BLOCKS = YES;
				GCC_OPTIMIZATION_LEVEL = 0;
				GCC_PREPROCESSOR_DEFINITIONS = (
					"DEBUG=1",
					"$(inherited)",
				);
				GCC_WARN_64_TO_32_BIT_CONVERSION = YES;
				GCC_WARN_ABOUT_RETURN_TYPE = YES_ERROR;
				GCC_WARN_UNDECLARED_SELECTOR = YES;
				GCC_WARN_UNINITIALIZED_AUTOS = YES_AGGRESSIVE;
				GCC_WARN_UNUSED_FUNCTION = YES;
				GCC_WARN_UNUSED_VARIABLE = YES;
				IPHONEOS_DEPLOYMENT_TARGET = 12.2;
				MTL_ENABLE_DEBUG_INFO = INCLUDE_SOURCE;
				MTL_FAST_MATH = YES;
				ONLY_ACTIVE_ARCH = YES;
				SDKROOT = iphoneos;
			};
			name = Debug;
		};
		605FFEB8229CE9FC00226308 /* Release */ = {
			isa = XCBuildConfiguration;
			buildSettings = {
				ALWAYS_SEARCH_USER_PATHS = NO;
				CLANG_ANALYZER_NONNULL = YES;
				CLANG_ANALYZER_NUMBER_OBJECT_CONVERSION = YES_AGGRESSIVE;
				CLANG_CXX_LANGUAGE_STANDARD = "gnu++14";
				CLANG_CXX_LIBRARY = "libc++";
				CLANG_ENABLE_MODULES = YES;
				CLANG_ENABLE_OBJC_ARC = YES;
				CLANG_ENABLE_OBJC_WEAK = YES;
				CLANG_WARN_BLOCK_CAPTURE_AUTORELEASING = YES;
				CLANG_WARN_BOOL_CONVERSION = YES;
				CLANG_WARN_COMMA = YES;
				CLANG_WARN_CONSTANT_CONVERSION = YES;
				CLANG_WARN_DEPRECATED_OBJC_IMPLEMENTATIONS = YES;
				CLANG_WARN_DIRECT_OBJC_ISA_USAGE = YES_ERROR;
				CLANG_WARN_DOCUMENTATION_COMMENTS = YES;
				CLANG_WARN_EMPTY_BODY = YES;
				CLANG_WARN_ENUM_CONVERSION = YES;
				CLANG_WARN_INFINITE_RECURSION = YES;
				CLANG_WARN_INT_CONVERSION = YES;
				CLANG_WARN_NON_LITERAL_NULL_CONVERSION = YES;
				CLANG_WARN_OBJC_IMPLICIT_RETAIN_SELF = YES;
				CLANG_WARN_OBJC_LITERAL_CONVERSION = YES;
				CLANG_WARN_OBJC_ROOT_CLASS = YES_ERROR;
				CLANG_WARN_RANGE_LOOP_ANALYSIS = YES;
				CLANG_WARN_STRICT_PROTOTYPES = YES;
				CLANG_WARN_SUSPICIOUS_MOVE = YES;
				CLANG_WARN_UNGUARDED_AVAILABILITY = YES_AGGRESSIVE;
				CLANG_WARN_UNREACHABLE_CODE = YES;
				CLANG_WARN__DUPLICATE_METHOD_MATCH = YES;
				CODE_SIGN_IDENTITY = "iPhone Developer";
				COPY_PHASE_STRIP = NO;
				DEBUG_INFORMATION_FORMAT = "dwarf-with-dsym";
				ENABLE_NS_ASSERTIONS = NO;
				ENABLE_STRICT_OBJC_MSGSEND = YES;
				GCC_C_LANGUAGE_STANDARD = gnu11;
				GCC_NO_COMMON_BLOCKS = YES;
				GCC_WARN_64_TO_32_BIT_CONVERSION = YES;
				GCC_WARN_ABOUT_RETURN_TYPE = YES_ERROR;
				GCC_WARN_UNDECLARED_SELECTOR = YES;
				GCC_WARN_UNINITIALIZED_AUTOS = YES_AGGRESSIVE;
				GCC_WARN_UNUSED_FUNCTION = YES;
				GCC_WARN_UNUSED_VARIABLE = YES;
				IPHONEOS_DEPLOYMENT_TARGET = 12.2;
				MTL_ENABLE_DEBUG_INFO = NO;
				MTL_FAST_MATH = YES;
				SDKROOT = iphoneos;
				VALIDATE_PRODUCT = YES;
			};
			name = Release;
		};
		605FFEBA229CE9FC00226308 /* Debug */ = {
			isa = XCBuildConfiguration;
			buildSettings = {
				ASSETCATALOG_COMPILER_APPICON_NAME = AppIcon;
				CODE_SIGN_STYLE = Automatic;
				DEVELOPMENT_TEAM = "";
				INFOPLIST_FILE = AddressBook4/Info.plist;
				LD_RUNPATH_SEARCH_PATHS = (
					"$(inherited)",
					"@executable_path/Frameworks",
				);
				PRODUCT_BUNDLE_IDENTIFIER = com.qty.AddressBook4;
				PRODUCT_NAME = "$(TARGET_NAME)";
				TARGETED_DEVICE_FAMILY = "1,2";
			};
			name = Debug;
		};
		605FFEBB229CE9FC00226308 /* Release */ = {
			isa = XCBuildConfiguration;
			buildSettings = {
				ASSETCATALOG_COMPILER_APPICON_NAME = AppIcon;
				CODE_SIGN_STYLE = Automatic;
				DEVELOPMENT_TEAM = "";
				INFOPLIST_FILE = AddressBook4/Info.plist;
				LD_RUNPATH_SEARCH_PATHS = (
					"$(inherited)",
					"@executable_path/Frameworks",
				);
				PRODUCT_BUNDLE_IDENTIFIER = com.qty.AddressBook4;
				PRODUCT_NAME = "$(TARGET_NAME)";
				TARGETED_DEVICE_FAMILY = "1,2";
			};
			name = Release;
		};
/* End XCBuildConfiguration section */

/* Begin XCConfigurationList section */
		605FFE9E229CE9FB00226308 /* Build configuration list for PBXProject "AddressBook4" */ = {
			isa = XCConfigurationList;
			buildConfigurations = (
				605FFEB7229CE9FC00226308 /* Debug */,
				605FFEB8229CE9FC00226308 /* Release */,
			);
			defaultConfigurationIsVisible = 0;
			defaultConfigurationName = Release;
		};
		605FFEB9229CE9FC00226308 /* Build configuration list for PBXNativeTarget "AddressBook4" */ = {
			isa = XCConfigurationList;
			buildConfigurations = (
				605FFEBA229CE9FC00226308 /* Debug */,
				605FFEBB229CE9FC00226308 /* Release */,
			);
			defaultConfigurationIsVisible = 0;
			defaultConfigurationName = Release;
		};
/* End XCConfigurationList section */
	};
	rootObject = 605FFE9B229CE9FB00226308 /* Project object */;
}
